// !$*UTF8*$!
{
	archiveVersion = 1;
	classes = {
	};
	objectVersion = 56;
	objects = {

/* Begin PBXBuildFile section */
		44B02394303771BB001C20BE /* AppDelegate.swift in Sources */ = {isa = PBXBuildFile; fileRef = 44B02393303771BB001C20BE /* AppDelegate.swift */; };
		44B02396303771BB001C20BE /* SceneDelegate.swift in Sources */ = {isa = PBXBuildFile; fileRef = 44B02395303771BB001C20BE /* SceneDelegate.swift */; };
		44B02399303771BB001C20BE /* LaunchScreen.storyboard in Resources */ = {isa = PBXBuildFile; fileRef = 44B02397303771BB001C20BE /* LaunchScreen.storyboard */; };
		44B0239C303771BB001C20BE /* Main.storyboard in Resources */ = {isa = PBXBuildFile; fileRef = 44B0239A303771BB001C20BE /* Main.storyboard */; };
		44B023A5303771BB001C20BE /* AppDelegate.swift in Sources */ = {isa = PBXBuildFile; fileRef = 44B023A4303771BB001C20BE /* AppDelegate.swift */; };
		44B023A8303771BB001C20BE /* Main.storyboard in Resources */ = {isa = PBXBuildFile; fileRef = 44B023A6303771BB001C20BE /* Main.storyboard */; };
		44B023AF303771BB001C20BE /* RightClickRestore Extension.appex in Embed Foundation Extensions */ = {isa = PBXBuildFile; fileRef = 44B023AE303771BB001C20BE /* RightClickRestore Extension.appex */; settings = {ATTRIBUTES = (RemoveHeadersOnCopy, ); }; };
		44B023B9303771BB001C20BE /* RightClickRestore Extension.appex in Embed Foundation Extensions */ = {isa = PBXBuildFile; fileRef = 44B023B8303771BB001C20BE /* RightClickRestore Extension.appex */; settings = {ATTRIBUTES = (RemoveHeadersOnCopy, ); }; };
		44B023BE303771BB001C20BE /* Main.html in Resources */ = {isa = PBXBuildFile; fileRef = 44B02383303771BB001C20BE /* Main.html */; };
		44B023BF303771BB001C20BE /* Main.html in Resources */ = {isa = PBXBuildFile; fileRef = 44B02383303771BB001C20BE /* Main.html */; };
		44B023C0303771BB001C20BE /* Icon.png in Resources */ = {isa = PBXBuildFile; fileRef = 44B02385303771BB001C20BE /* Icon.png */; };
		44B023C1303771BB001C20BE /* Icon.png in Resources */ = {isa = PBXBuildFile; fileRef = 44B02385303771BB001C20BE /* Icon.png */; };
		44B023C2303771BB001C20BE /* Style.css in Resources */ = {isa = PBXBuildFile; fileRef = 44B02386303771BB001C20BE /* Style.css */; };
		44B023C3303771BB001C20BE /* Style.css in Resources */ = {isa = PBXBuildFile; fileRef = 44B02386303771BB001C20BE /* Style.css */; };
		44B023C4303771BB001C20BE /* Script.js in Resources */ = {isa = PBXBuildFile; fileRef = 44B02387303771BB001C20BE /* Script.js */; };
		44B023C5303771BB001C20BE /* Script.js in Resources */ = {isa = PBXBuildFile; fileRef = 44B02387303771BB001C20BE /* Script.js */; };
		44B023C6303771BB001C20BE /* ViewController.swift in Sources */ = {isa = PBXBuildFile; fileRef = 44B02388303771BB001C20BE /* ViewController.swift */; };
		44B023C7303771BB001C20BE /* ViewController.swift in Sources */ = {isa = PBXBuildFile; fileRef = 44B02388303771BB001C20BE /* ViewController.swift */; };
		44B023C8303771BB001C20BE /* Assets.xcassets in Resources */ = {isa = PBXBuildFile; fileRef = 44B02389303771BB001C20BE /* Assets.xcassets */; };
		44B023C9303771BB001C20BE /* Assets.xcassets in Resources */ = {isa = PBXBuildFile; fileRef = 44B02389303771BB001C20BE /* Assets.xcassets */; };
		44B023CA303771BB001C20BE /* SafariWebExtensionHandler.swift in Sources */ = {isa = PBXBuildFile; fileRef = 44B0238B303771BB001C20BE /* SafariWebExtensionHandler.swift */; };
		44B023CB303771BB001C20BE /* SafariWebExtensionHandler.swift in Sources */ = {isa = PBXBuildFile; fileRef = 44B0238B303771BB001C20BE /* SafariWebExtensionHandler.swift */; };
		44B023E4303771BC001C20BE /* popup in Resources */ = {isa = PBXBuildFile; fileRef = 44B023DD303771BC001C20BE /* popup */; };
		44B023E5303771BC001C20BE /* content.css in Resources */ = {isa = PBXBuildFile; fileRef = 44B023DE303771BC001C20BE /* content.css */; };
		44B023E6303771BC001C20BE /* background.js in Resources */ = {isa = PBXBuildFile; fileRef = 44B023DF303771BC001C20BE /* background.js */; };
		44B023E7303771BC001C20BE /* page-script.js in Resources */ = {isa = PBXBuildFile; fileRef = 44B023E0303771BC001C20BE /* page-script.js */; };
		44B023E8303771BC001C20BE /* icons in Resources */ = {isa = PBXBuildFile; fileRef = 44B023E1303771BC001C20BE /* icons */; };
		44B023E9303771BC001C20BE /* manifest.json in Resources */ = {isa = PBXBuildFile; fileRef = 44B023E2303771BC001C20BE /* manifest.json */; };
		44B023EA303771BC001C20BE /* content.js in Resources */ = {isa = PBXBuildFile; fileRef = 44B023E3303771BC001C20BE /* content.js */; };
		44B023EB303771BC001C20BE /* popup in Resources */ = {isa = PBXBuildFile; fileRef = 44B023DD303771BC001C20BE /* popup */; };
		44B023EC303771BC001C20BE /* content.css in Resources */ = {isa = PBXBuildFile; fileRef = 44B023DE303771BC001C20BE /* content.css */; };
		44B023ED303771BC001C20BE /* background.js in Resources */ = {isa = PBXBuildFile; fileRef = 44B023DF303771BC001C20BE /* background.js */; };
		44B023EE303771BC001C20BE /* page-script.js in Resources */ = {isa = PBXBuildFile; fileRef = 44B023E0303771BC001C20BE /* page-script.js */; };
		44B023EF303771BC001C20BE /* icons in Resources */ = {isa = PBXBuildFile; fileRef = 44B023E1303771BC001C20BE /* icons */; };
		44B023F0303771BC001C20BE /* manifest.json in Resources */ = {isa = PBXBuildFile; fileRef = 44B023E2303771BC001C20BE /* manifest.json */; };
		44B023F1303771BC001C20BE /* content.js in Resources */ = {isa = PBXBuildFile; fileRef = 44B023E3303771BC001C20BE /* content.js */; };
/* End PBXBuildFile section */

/* Begin PBXContainerItemProxy section */
		44B023B0303771BB001C20BE /* PBXContainerItemProxy */ = {
			isa = PBXContainerItemProxy;
			containerPortal = 44B0237D303771BB001C20BE /* Project object */;
			proxyType = 1;
			remoteGlobalIDString = 44B023AD303771BB001C20BE;
			remoteInfo = "RightClickRestore Extension (iOS)";
		};
		44B023BA303771BB001C20BE /* PBXContainerItemProxy */ = {
			isa = PBXContainerItemProxy;
			containerPortal = 44B0237D303771BB001C20BE /* Project object */;
			proxyType = 1;
			remoteGlobalIDString = 44B023B7303771BB001C20BE;
			remoteInfo = "RightClickRestore Extension (macOS)";
		};
/* End PBXContainerItemProxy section */

/* Begin PBXCopyFilesBuildPhase section */
		44B023D1303771BB001C20BE /* Embed Foundation Extensions */ = {
			isa = PBXCopyFilesBuildPhase;
			dstPath = "";
			files = (
				44B023AF303771BB001C20BE /* RightClickRestore Extension.appex in Embed Foundation Extensions */,
			);
			name = "Embed Foundation Extensions";
		};
		44B023D8303771BB001C20BE /* Embed Foundation Extensions */ = {
			isa = PBXCopyFilesBuildPhase;
			dstPath = "";
			files = (
				44B023B9303771BB001C20BE /* RightClickRestore Extension.appex in Embed Foundation Extensions */,
			);
			name = "Embed Foundation Extensions";
		};
/* End PBXCopyFilesBuildPhase section */

/* Begin PBXFileReference section */
		44B02384303771BB001C20BE /* Base */ = {isa = PBXFileReference; lastKnownFileType = text.html; name = Base; path = Base.lproj/Main.html; sourceTree = "<group>"; };
		44B02385303771BB001C20BE /* Icon.png */ = {isa = PBXFileReference; lastKnownFileType = image.png; path = Icon.png; sourceTree = "<group>"; };
		44B02386303771BB001C20BE /* Style.css */ = {isa = PBXFileReference; lastKnownFileType = text.css; path = Style.css; sourceTree = "<group>"; };
		44B02387303771BB001C20BE /* Script.js */ = {isa = PBXFileReference; lastKnownFileType = sourcecode.javascript; path = Script.js; sourceTree = "<group>"; };
		44B02388303771BB001C20BE /* ViewController.swift */ = {isa = PBXFileReference; lastKnownFileType = sourcecode.swift; path = ViewController.swift; sourceTree = "<group>"; };
		44B02389303771BB001C20BE /* Assets.xcassets */ = {isa = PBXFileReference; lastKnownFileType = folder.assetcatalog; path = Assets.xcassets; sourceTree = "<group>"; };
		44B0238B303771BB001C20BE /* SafariWebExtensionHandler.swift */ = {isa = PBXFileReference; lastKnownFileType = sourcecode.swift; path = SafariWebExtensionHandler.swift; sourceTree = "<group>"; };
		44B02390303771BB001C20BE /* RightClickRestore.app */ = {isa = PBXFileReference; explicitFileType = wrapper.application; includeInIndex = 0; path = RightClickRestore.app; sourceTree = BUILT_PRODUCTS_DIR; };
		44B02393303771BB001C20BE /* AppDelegate.swift */ = {isa = PBXFileReference; lastKnownFileType = sourcecode.swift; path = AppDelegate.swift; sourceTree = "<group>"; };
		44B02395303771BB001C20BE /* SceneDelegate.swift */ = {isa = PBXFileReference; lastKnownFileType = sourcecode.swift; path = SceneDelegate.swift; sourceTree = "<group>"; };
		44B02398303771BB001C20BE /* Base */ = {isa = PBXFileReference; lastKnownFileType = file.storyboard; name = Base; path = Base.lproj/LaunchScreen.storyboard; sourceTree = "<group>"; };
		44B0239B303771BB001C20BE /* Base */ = {isa = PBXFileReference; lastKnownFileType = file.storyboard; name = Base; path = Base.lproj/Main.storyboard; sourceTree = "<group>"; };
		44B0239D303771BB001C20BE /* Info.plist */ = {isa = PBXFileReference; lastKnownFileType = text.plist.xml; path = Info.plist; sourceTree = "<group>"; };
		44B023A2303771BB001C20BE /* RightClickRestore.app */ = {isa = PBXFileReference; explicitFileType = wrapper.application; includeInIndex = 0; path = RightClickRestore.app; sourceTree = BUILT_PRODUCTS_DIR; };
		44B023A4303771BB001C20BE /* AppDelegate.swift */ = {isa = PBXFileReference; lastKnownFileType = sourcecode.swift; path = AppDelegate.swift; sourceTree = "<group>"; };
		44B023A7303771BB001C20BE /* Base */ = {isa = PBXFileReference; lastKnownFileType = file.storyboard; name = Base; path = Base.lproj/Main.storyboard; sourceTree = "<group>"; };
		44B023A9303771BB001C20BE /* Info.plist */ = {isa = PBXFileReference; lastKnownFileType = text.plist.xml; path = Info.plist; sourceTree = "<group>"; };
		44B023AE303771BB001C20BE /* RightClickRestore Extension.appex */ = {isa = PBXFileReference; explicitFileType = "wrapper.app-extension"; includeInIndex = 0; path = "RightClickRestore Extension.appex"; sourceTree = BUILT_PRODUCTS_DIR; };
		44B023B3303771BB001C20BE /* Info.plist */ = {isa = PBXFileReference; lastKnownFileType = text.plist.xml; path = Info.plist; sourceTree = "<group>"; };
		44B023B8303771BB001C20BE /* RightClickRestore Extension.appex */ = {isa = PBXFileReference; explicitFileType = "wrapper.app-extension"; includeInIndex = 0; path = "RightClickRestore Extension.appex"; sourceTree = BUILT_PRODUCTS_DIR; };
		44B023BD303771BB001C20BE /* Info.plist */ = {isa = PBXFileReference; lastKnownFileType = text.plist.xml; path = Info.plist; sourceTree = "<group>"; };
		44B023DD303771BC001C20BE /* popup */ = {isa = PBXFileReference; lastKnownFileType = folder; name = popup; path = Resources/popup; sourceTree = "<group>"; };
		44B023DE303771BC001C20BE /* content.css */ = {isa = PBXFileReference; lastKnownFileType = text.css; name = content.css; path = Resources/content.css; sourceTree = "<group>"; };
		44B023DF303771BC001C20BE /* background.js */ = {isa = PBXFileReference; lastKnownFileType = sourcecode.javascript; name = background.js; path = Resources/background.js; sourceTree = "<group>"; };
		44B023E0303771BC001C20BE /* page-script.js */ = {isa = PBXFileReference; lastKnownFileType = sourcecode.javascript; name = "page-script.js"; path = "Resources/page-script.js"; sourceTree = "<group>"; };
		44B023E1303771BC001C20BE /* icons */ = {isa = PBXFileReference; lastKnownFileType = folder; name = icons; path = Resources/icons; sourceTree = "<group>"; };
		44B023E2303771BC001C20BE /* manifest.json */ = {isa = PBXFileReference; lastKnownFileType = text.json; name = manifest.json; path = Resources/manifest.json; sourceTree = "<group>"; };
		44B023E3303771BC001C20BE /* content.js */ = {isa = PBXFileReference; lastKnownFileType = sourcecode.javascript; name = content.js; path = Resources/content.js; sourceTree = "<group>"; };
/* End PBXFileReference section */

/* Begin PBXFrameworksBuildPhase section */
		44B0238D303771BB001C20BE /* Frameworks */ = {
			isa = PBXFrameworksBuildPhase;
			files = (
			);
		};
		44B0239F303771BB001C20BE /* Frameworks */ = {
			isa = PBXFrameworksBuildPhase;
			files = (
			);
		};
		44B023AB303771BB001C20BE /* Frameworks */ = {
			isa = PBXFrameworksBuildPhase;
			files = (
			);
		};
		44B023B5303771BB001C20BE /* Frameworks */ = {
			isa = PBXFrameworksBuildPhase;
			files = (
			);
		};
/* End PBXFrameworksBuildPhase section */

/* Begin PBXGroup section */
		44B0237C303771BB001C20BE = {
			isa = PBXGroup;
			children = (
				44B02381303771BB001C20BE /* Shared (App) */,
				44B0238A303771BB001C20BE /* Shared (Extension) */,
				44B02392303771BB001C20BE /* iOS (App) */,
				44B023A3303771BB001C20BE /* macOS (App) */,
				44B023B2303771BB001C20BE /* iOS (Extension) */,
				44B023BC303771BB001C20BE /* macOS (Extension) */,
				44B02391303771BB001C20BE /* Products */,
			);
			sourceTree = "<group>";
		};
		44B02381303771BB001C20BE /* Shared (App) */ = {
			isa = PBXGroup;
			children = (
				44B02388303771BB001C20BE /* ViewController.swift */,
				44B02389303771BB001C20BE /* Assets.xcassets */,
				44B02382303771BB001C20BE /* Resources */,
			);
			path = "Shared (App)";
			sourceTree = "<group>";
		};
		44B02382303771BB001C20BE /* Resources */ = {
			isa = PBXGroup;
			children = (
				44B02383303771BB001C20BE /* Main.html */,
				44B02385303771BB001C20BE /* Icon.png */,
				44B02386303771BB001C20BE /* Style.css */,
				44B02387303771BB001C20BE /* Script.js */,
			);
			path = Resources;
			sourceTree = "<group>";
		};
		44B0238A303771BB001C20BE /* Shared (Extension) */ = {
			isa = PBXGroup;
			children = (
				44B023DC303771BC001C20BE /* Resources */,
				44B0238B303771BB001C20BE /* SafariWebExtensionHandler.swift */,
			);
			path = "Shared (Extension)";
			sourceTree = "<group>";
		};
		44B02391303771BB001C20BE /* Products */ = {
			isa = PBXGroup;
			children = (
				44B02390303771BB001C20BE /* RightClickRestore.app */,
				44B023A2303771BB001C20BE /* RightClickRestore.app */,
				44B023AE303771BB001C20BE /* RightClickRestore Extension.appex */,
				44B023B8303771BB001C20BE /* RightClickRestore Extension.appex */,
			);
			name = Products;
			sourceTree = "<group>";
		};
		44B02392303771BB001C20BE /* iOS (App) */ = {
			isa = PBXGroup;
			children = (
				44B02393303771BB001C20BE /* AppDelegate.swift */,
				44B02395303771BB001C20BE /* SceneDelegate.swift */,
				44B02397303771BB001C20BE /* LaunchScreen.storyboard */,
				44B0239A303771BB001C20BE /* Main.storyboard */,
				44B0239D303771BB001C20BE /* Info.plist */,
			);
			path = "iOS (App)";
			sourceTree = "<group>";
		};
		44B023A3303771BB001C20BE /* macOS (App) */ = {
			isa = PBXGroup;
			children = (
				44B023A4303771BB001C20BE /* AppDelegate.swift */,
				44B023A6303771BB001C20BE /* Main.storyboard */,
				44B023A9303771BB001C20BE /* Info.plist */,
			);
			path = "macOS (App)";
			sourceTree = "<group>";
		};
		44B023B2303771BB001C20BE /* iOS (Extension) */ = {
			isa = PBXGroup;
			children = (
				44B023B3303771BB001C20BE /* Info.plist */,
			);
			path = "iOS (Extension)";
			sourceTree = "<group>";
		};
		44B023BC303771BB001C20BE /* macOS (Extension) */ = {
			isa = PBXGroup;
			children = (
				44B023BD303771BB001C20BE /* Info.plist */,
			);
			path = "macOS (Extension)";
			sourceTree = "<group>";
		};
		44B023DC303771BC001C20BE /* Resources */ = {
			isa = PBXGroup;
			children = (
				44B023DD303771BC001C20BE /* popup */,
				44B023DE303771BC001C20BE /* content.css */,
				44B023DF303771BC001C20BE /* background.js */,
				44B023E0303771BC001C20BE /* page-script.js */,
				44B023E1303771BC001C20BE /* icons */,
				44B023E2303771BC001C20BE /* manifest.json */,
				44B023E3303771BC001C20BE /* content.js */,
			);
			name = Resources;
			path = "Shared (Extension)";
			sourceTree = SOURCE_ROOT;
		};
/* End PBXGroup section */

/* Begin PBXNativeTarget section */
		44B0238F303771BB001C20BE /* RightClickRestore (iOS) */ = {
			isa = PBXNativeTarget;
			buildConfigurationList = 44B023D2303771BB001C20BE /* Build configuration list for PBXNativeTarget "RightClickRestore (iOS)" */;
			buildPhases = (
				44B0238C303771BB001C20BE /* Sources */,
				44B0238D303771BB001C20BE /* Frameworks */,
				44B0238E303771BB001C20BE /* Resources */,
				44B023D1303771BB001C20BE /* Embed Foundation Extensions */,
			);
			buildRules = (
			);
			dependencies = (
				44B023B1303771BB001C20BE /* PBXTargetDependency */,
			);
			name = "RightClickRestore (iOS)";
			productName = "RightClickRestore (iOS)";
			productReference = 44B02390303771BB001C20BE /* RightClickRestore.app */;
			productType = "com.apple.product-type.application";
		};
		44B023A1303771BB001C20BE /* RightClickRestore (macOS) */ = {
			isa = PBXNativeTarget;
			buildConfigurationList = 44B023D9303771BB001C20BE /* Build configuration list for PBXNativeTarget "RightClickRestore (macOS)" */;
			buildPhases = (
				44B0239E303771BB001C20BE /* Sources */,
				44B0239F303771BB001C20BE /* Frameworks */,
				44B023A0303771BB001C20BE /* Resources */,
				44B023D8303771BB001C20BE /* Embed Foundation Extensions */,
			);
			buildRules = (
			);
			dependencies = (
				44B023BB303771BB001C20BE /* PBXTargetDependency */,
			);
			name = "RightClickRestore (macOS)";
			productName = "RightClickRestore (macOS)";
			productReference = 44B023A2303771BB001C20BE /* RightClickRestore.app */;
			productType = "com.apple.product-type.application";
		};
		44B023AD303771BB001C20BE /* RightClickRestore Extension (iOS) */ = {
			isa = PBXNativeTarget;
			buildConfigurationList = 44B023CE303771BB001C20BE /* Build configuration list for PBXNativeTarget "RightClickRestore Extension (iOS)" */;
			buildPhases = (
				44B023AA303771BB001C20BE /* Sources */,
				44B023AB303771BB001C20BE /* Frameworks */,
				FF05D1EF3FC49822EE67FD42 /* Bun esbuild */,
				44B023AC303771BB001C20BE /* Resources */,
			);
			buildRules = (
			);
			dependencies = (
			);
			name = "RightClickRestore Extension (iOS)";
			productName = "RightClickRestore Extension (iOS)";
			productReference = 44B023AE303771BB001C20BE /* RightClickRestore Extension.appex */;
			productType = "com.apple.product-type.app-extension";
		};
		44B023B7303771BB001C20BE /* RightClickRestore Extension (macOS) */ = {
			isa = PBXNativeTarget;
			buildConfigurationList = 44B023D5303771BB001C20BE /* Build configuration list for PBXNativeTarget "RightClickRestore Extension (macOS)" */;
			buildPhases = (
				44B023B4303771BB001C20BE /* Sources */,
				44B023B5303771BB001C20BE /* Frameworks */,
				C1DDB6497AE0E60D28FE6C56 /* Bun esbuild */,
				44B023B6303771BB001C20BE /* Resources */,
			);
			buildRules = (
			);
			dependencies = (
			);
			name = "RightClickRestore Extension (macOS)";
			productName = "RightClickRestore Extension (macOS)";
			productReference = 44B023B8303771BB001C20BE /* RightClickRestore Extension.appex */;
			productType = "com.apple.product-type.app-extension";
		};
/* End PBXNativeTarget section */

/* Begin PBXProject section */
		44B0237D303771BB001C20BE /* Project object */ = {
			isa = PBXProject;
			attributes = {
				BuildIndependentTargetsInParallel = 1;
				LastSwiftUpdateCheck = 2700;
				LastUpgradeCheck = 2700;
				TargetAttributes = {
					44B0238F303771BB001C20BE = {
						CreatedOnToolsVersion = 27.0;
					};
					44B023A1303771BB001C20BE = {
						CreatedOnToolsVersion = 27.0;
					};
					44B023AD303771BB001C20BE = {
						CreatedOnToolsVersion = 27.0;
					};
					44B023B7303771BB001C20BE = {
						CreatedOnToolsVersion = 27.0;
					};
				};
			};
			buildConfigurationList = 44B02380303771BB001C20BE /* Build configuration list for PBXProject "RightClickRestore" */;
			developmentRegion = en;
			hasScannedForEncodings = 0;
			knownRegions = (
				en,
				Base,
			);
			mainGroup = 44B0237C303771BB001C20BE;
			minimizedProjectReferenceProxies = 1;
			preferredProjectObjectVersion = 56;
			productRefGroup = 44B02391303771BB001C20BE /* Products */;
			projectDirPath = "";
			projectRoot = "";
			targets = (
				44B0238F303771BB001C20BE /* RightClickRestore (iOS) */,
				44B023A1303771BB001C20BE /* RightClickRestore (macOS) */,
				44B023AD303771BB001C20BE /* RightClickRestore Extension (iOS) */,
				44B023B7303771BB001C20BE /* RightClickRestore Extension (macOS) */,
			);
		};
/* End PBXProject section */

/* Begin PBXResourcesBuildPhase section */
		44B0238E303771BB001C20BE /* Resources */ = {
			isa = PBXResourcesBuildPhase;
			files = (
				44B023C0303771BB001C20BE /* Icon.png in Resources */,
				44B02399303771BB001C20BE /* LaunchScreen.storyboard in Resources */,
				44B023BE303771BB001C20BE /* Main.html in Resources */,
				44B023C4303771BB001C20BE /* Script.js in Resources */,
				44B023C8303771BB001C20BE /* Assets.xcassets in Resources */,
				44B0239C303771BB001C20BE /* Main.storyboard in Resources */,
				44B023C2303771BB001C20BE /* Style.css in Resources */,
			);
		};
		44B023A0303771BB001C20BE /* Resources */ = {
			isa = PBXResourcesBuildPhase;
			files = (
				44B023C1303771BB001C20BE /* Icon.png in Resources */,
				44B023C3303771BB001C20BE /* Style.css in Resources */,
				44B023A8303771BB001C20BE /* Main.storyboard in Resources */,
				44B023C5303771BB001C20BE /* Script.js in Resources */,
				44B023C9303771BB001C20BE /* Assets.xcassets in Resources */,
				44B023BF303771BB001C20BE /* Main.html in Resources */,
			);
		};
		44B023AC303771BB001C20BE /* Resources */ = {
			isa = PBXResourcesBuildPhase;
			files = (
				44B023EE303771BC001C20BE /* page-script.js in Resources */,
				44B023EB303771BC001C20BE /* popup in Resources */,
				44B023ED303771BC001C20BE /* background.js in Resources */,
				44B023EF303771BC001C20BE /* icons in Resources */,
				44B023F0303771BC001C20BE /* manifest.json in Resources */,
				44B023F1303771BC001C20BE /* content.js in Resources */,
				44B023EC303771BC001C20BE /* content.css in Resources */,
			);
		};
		44B023B6303771BB001C20BE /* Resources */ = {
			isa = PBXResourcesBuildPhase;
			files = (
				44B023E7303771BC001C20BE /* page-script.js in Resources */,
				44B023E4303771BC001C20BE /* popup in Resources */,
				44B023E6303771BC001C20BE /* background.js in Resources */,
				44B023E8303771BC001C20BE /* icons in Resources */,
				44B023E9303771BC001C20BE /* manifest.json in Resources */,
				44B023EA303771BC001C20BE /* content.js in Resources */,
				44B023E5303771BC001C20BE /* content.css in Resources */,
			);
		};
/* End PBXResourcesBuildPhase section */

/* Begin PBXShellScriptBuildPhase section */
		C1DDB6497AE0E60D28FE6C56 /* Bun esbuild */ = {
			isa = PBXShellScriptBuildPhase;
			buildActionMask = 2147483647;
			files = (
			);
			inputFileListPaths = (
			);
			inputPaths = (
			);
			name = "Bun esbuild";
			outputFileListPaths = (
			);
			outputPaths = (
			);
			runOnlyForDeploymentPostprocessing = 0;
			shellPath = /bin/sh;
			shellScript = "export PATH=\"/opt/homebrew/bin:$HOME/.bun/bin:$PATH\"\ncd \"${SRCROOT}/../..\"\nbun run build";
		};
		FF05D1EF3FC49822EE67FD42 /* Bun esbuild */ = {
			isa = PBXShellScriptBuildPhase;
			buildActionMask = 2147483647;
			files = (
			);
			inputFileListPaths = (
			);
			inputPaths = (
			);
			name = "Bun esbuild";
			outputFileListPaths = (
			);
			outputPaths = (
			);
			runOnlyForDeploymentPostprocessing = 0;
			shellPath = /bin/sh;
			shellScript = "export PATH=\"/opt/homebrew/bin:$HOME/.bun/bin:$PATH\"\ncd \"${SRCROOT}/../..\"\nbun run build";
		};
/* End PBXShellScriptBuildPhase section */

/* Begin PBXSourcesBuildPhase section */
		44B0238C303771BB001C20BE /* Sources */ = {
			isa = PBXSourcesBuildPhase;
			files = (
				44B023C6303771BB001C20BE /* ViewController.swift in Sources */,
				44B02394303771BB001C20BE /* AppDelegate.swift in Sources */,
				44B02396303771BB001C20BE /* SceneDelegate.swift in Sources */,
			);
		};
		44B0239E303771BB001C20BE /* Sources */ = {
			isa = PBXSourcesBuildPhase;
			files = (
				44B023C7303771BB001C20BE /* ViewController.swift in Sources */,
				44B023A5303771BB001C20BE /* AppDelegate.swift in Sources */,
			);
		};
		44B023AA303771BB001C20BE /* Sources */ = {
			isa = PBXSourcesBuildPhase;
			files = (
				44B023CA303771BB001C20BE /* SafariWebExtensionHandler.swift in Sources */,
			);
		};
		44B023B4303771BB001C20BE /* Sources */ = {
			isa = PBXSourcesBuildPhase;
			files = (
				44B023CB303771BB001C20BE /* SafariWebExtensionHandler.swift in Sources */,
			);
		};
/* End PBXSourcesBuildPhase section */

/* Begin PBXTargetDependency section */
		44B023B1303771BB001C20BE /* PBXTargetDependency */ = {
			isa = PBXTargetDependency;
			target = 44B023AD303771BB001C20BE /* RightClickRestore Extension (iOS) */;
			targetProxy = 44B023B0303771BB001C20BE /* PBXContainerItemProxy */;
		};
		44B023BB303771BB001C20BE /* PBXTargetDependency */ = {
			isa = PBXTargetDependency;
			target = 44B023B7303771BB001C20BE /* RightClickRestore Extension (macOS) */;
			targetProxy = 44B023BA303771BB001C20BE /* PBXContainerItemProxy */;
		};
/* End PBXTargetDependency section */

/* Begin PBXVariantGroup section */
		44B02383303771BB001C20BE /* Main.html */ = {
			isa = PBXVariantGroup;
			children = (
				44B02384303771BB001C20BE /* Base */,
			);
			name = Main.html;
			sourceTree = "<group>";
		};
		44B02397303771BB001C20BE /* LaunchScreen.storyboard */ = {
			isa = PBXVariantGroup;
			children = (
				44B02398303771BB001C20BE /* Base */,
			);
			name = LaunchScreen.storyboard;
			sourceTree = "<group>";
		};
		44B0239A303771BB001C20BE /* Main.storyboard */ = {
			isa = PBXVariantGroup;
			children = (
				44B0239B303771BB001C20BE /* Base */,
			);
			name = Main.storyboard;
			sourceTree = "<group>";
		};
		44B023A6303771BB001C20BE /* Main.storyboard */ = {
			isa = PBXVariantGroup;
			children = (
				44B023A7303771BB001C20BE /* Base */,
			);
			name = Main.storyboard;
			sourceTree = "<group>";
		};
/* End PBXVariantGroup section */

/* Begin XCBuildConfiguration section */
		44B023CC303771BB001C20BE /* Debug */ = {
			isa = XCBuildConfiguration;
			buildSettings = {
				ALWAYS_SEARCH_USER_PATHS = NO;
				ASSETCATALOG_COMPILER_GENERATE_SWIFT_ASSET_SYMBOL_EXTENSIONS = YES;
				CLANG_ANALYZER_NONNULL = YES;
				CLANG_ANALYZER_NUMBER_OBJECT_CONVERSION = YES_AGGRESSIVE;
				CLANG_CXX_LANGUAGE_STANDARD = "gnu++20";
				CLANG_ENABLE_MODULES = YES;
				CLANG_ENABLE_OBJC_ARC = YES;
				CLANG_ENABLE_OBJC_WEAK = YES;
				CLANG_WARN_BLOCK_CAPTURE_AUTORELEASING = YES;
				CLANG_WARN_BOOL_CONVERSION = YES;
				CLANG_WARN_COMMA = YES;
				CLANG_WARN_CONSTANT_CONVERSION = YES;
				CLANG_WARN_DEPRECATED_OBJC_IMPLEMENTATIONS = YES;
				CLANG_WARN_DIRECT_OBJC_ISA_USAGE = YES_ERROR;
				CLANG_WARN_DOCUMENTATION_COMMENTS = YES;
				CLANG_WARN_EMPTY_BODY = YES;
				CLANG_WARN_ENUM_CONVERSION = YES;
				CLANG_WARN_INFINITE_RECURSION = YES;
				CLANG_WARN_INT_CONVERSION = YES;
				CLANG_WARN_NON_LITERAL_NULL_CONVERSION = YES;
				CLANG_WARN_OBJC_IMPLICIT_RETAIN_SELF = YES;
				CLANG_WARN_OBJC_LITERAL_CONVERSION = YES;
				CLANG_WARN_OBJC_ROOT_CLASS = YES_ERROR;
				CLANG_WARN_QUOTED_INCLUDE_IN_FRAMEWORK_HEADER = YES;
				CLANG_WARN_RANGE_LOOP_ANALYSIS = YES;
				CLANG_WARN_STRICT_PROTOTYPES = YES;
				CLANG_WARN_SUSPICIOUS_MOVE = YES;
				CLANG_WARN_UNGUARDED_AVAILABILITY = YES_AGGRESSIVE;
				CLANG_WARN_UNREACHABLE_CODE = YES;
				CLANG_WARN__DUPLICATE_METHOD_MATCH = YES;
				COPY_PHASE_STRIP = NO;
				DEBUG_INFORMATION_FORMAT = dwarf;
				ENABLE_STRICT_OBJC_MSGSEND = YES;
				ENABLE_TESTABILITY = YES;
				ENABLE_USER_SCRIPT_SANDBOXING = NO;
				GCC_C_LANGUAGE_STANDARD = gnu17;
				GCC_DYNAMIC_NO_PIC = NO;
				GCC_NO_COMMON_BLOCKS = YES;
				GCC_OPTIMIZATION_LEVEL = 0;
				GCC_PREPROCESSOR_DEFINITIONS = (
					"DEBUG=1",
					"$(inherited)",
				);
				GCC_WARN_64_TO_32_BIT_CONVERSION = YES;
				GCC_WARN_ABOUT_RETURN_TYPE = YES_ERROR;
				GCC_WARN_UNDECLARED_SELECTOR = YES;
				GCC_WARN_UNINITIALIZED_AUTOS = YES_AGGRESSIVE;
				GCC_WARN_UNUSED_FUNCTION = YES;
				GCC_WARN_UNUSED_VARIABLE = YES;
				LOCALIZATION_PREFERS_STRING_CATALOGS = YES;
				MTL_ENABLE_DEBUG_INFO = INCLUDE_SOURCE;
				MTL_FAST_MATH = YES;
				ONLY_ACTIVE_ARCH = YES;
				SWIFT_ACTIVE_COMPILATION_CONDITIONS = "DEBUG $(inherited)";
				SWIFT_OPTIMIZATION_LEVEL = "-Onone";
			};
			name = Debug;
		};
		44B023CD303771BB001C20BE /* Release */ = {
			isa = XCBuildConfiguration;
			buildSettings = {
				ALWAYS_SEARCH_USER_PATHS = NO;
				ASSETCATALOG_COMPILER_GENERATE_SWIFT_ASSET_SYMBOL_EXTENSIONS = YES;
				CLANG_ANALYZER_NONNULL = YES;
				CLANG_ANALYZER_NUMBER_OBJECT_CONVERSION = YES_AGGRESSIVE;
				CLANG_CXX_LANGUAGE_STANDARD = "gnu++20";
				CLANG_ENABLE_MODULES = YES;
				CLANG_ENABLE_OBJC_ARC = YES;
				CLANG_ENABLE_OBJC_WEAK = YES;
				CLANG_WARN_BLOCK_CAPTURE_AUTORELEASING = YES;
				CLANG_WARN_BOOL_CONVERSION = YES;
				CLANG_WARN_COMMA = YES;
				CLANG_WARN_CONSTANT_CONVERSION = YES;
				CLANG_WARN_DEPRECATED_OBJC_IMPLEMENTATIONS = YES;
				CLANG_WARN_DIRECT_OBJC_ISA_USAGE = YES_ERROR;
				CLANG_WARN_DOCUMENTATION_COMMENTS = YES;
				CLANG_WARN_EMPTY_BODY = YES;
				CLANG_WARN_ENUM_CONVERSION = YES;
				CLANG_WARN_INFINITE_RECURSION = YES;
				CLANG_WARN_INT_CONVERSION = YES;
				CLANG_WARN_NON_LITERAL_NULL_CONVERSION = YES;
				CLANG_WARN_OBJC_IMPLICIT_RETAIN_SELF = YES;
				CLANG_WARN_OBJC_LITERAL_CONVERSION = YES;
				CLANG_WARN_OBJC_ROOT_CLASS = YES_ERROR;
				CLANG_WARN_QUOTED_INCLUDE_IN_FRAMEWORK_HEADER = YES;
				CLANG_WARN_RANGE_LOOP_ANALYSIS = YES;
				CLANG_WARN_STRICT_PROTOTYPES = YES;
				CLANG_WARN_SUSPICIOUS_MOVE = YES;
				CLANG_WARN_UNGUARDED_AVAILABILITY = YES_AGGRESSIVE;
				CLANG_WARN_UNREACHABLE_CODE = YES;
				CLANG_WARN__DUPLICATE_METHOD_MATCH = YES;
				COPY_PHASE_STRIP = NO;
				DEBUG_INFORMATION_FORMAT = "dwarf-with-dsym";
				ENABLE_NS_ASSERTIONS = NO;
				ENABLE_STRICT_OBJC_MSGSEND = YES;
				ENABLE_USER_SCRIPT_SANDBOXING = NO;
				GCC_C_LANGUAGE_STANDARD = gnu17;
				GCC_NO_COMMON_BLOCKS = YES;
				GCC_WARN_64_TO_32_BIT_CONVERSION = YES;
				GCC_WARN_ABOUT_RETURN_TYPE = YES_ERROR;
				GCC_WARN_UNDECLARED_SELECTOR = YES;
				GCC_WARN_UNINITIALIZED_AUTOS = YES_AGGRESSIVE;
				GCC_WARN_UNUSED_FUNCTION = YES;
				GCC_WARN_UNUSED_VARIABLE = YES;
				LOCALIZATION_PREFERS_STRING_CATALOGS = YES;
				MTL_ENABLE_DEBUG_INFO = NO;
				MTL_FAST_MATH = YES;
				SWIFT_COMPILATION_MODE = wholemodule;
			};
			name = Release;
		};
		44B023CF303771BB001C20BE /* Debug */ = {
			isa = XCBuildConfiguration;
			buildSettings = {
				CODE_SIGN_STYLE = Automatic;
				CURRENT_PROJECT_VERSION = 1;
				ENABLE_USER_SCRIPT_SANDBOXING = NO;
				GENERATE_INFOPLIST_FILE = YES;
				INFOPLIST_FILE = "iOS (Extension)/Info.plist";
				INFOPLIST_KEY_CFBundleDisplayName = "RightClickRestore Extension";
				INFOPLIST_KEY_NSHumanReadableCopyright = "";
				IPHONEOS_DEPLOYMENT_TARGET = 15.0;
				LD_RUNPATH_SEARCH_PATHS = (
					"$(inherited)",
					"@executable_path/Frameworks",
					"@executable_path/../../Frameworks",
				);
				MARKETING_VERSION = 1.0;
				OTHER_LDFLAGS = (
					"-framework",
					SafariServices,
				);
				PRODUCT_BUNDLE_IDENTIFIER = com.antigravity.RightClickRestore.Extension;
				PRODUCT_NAME = "RightClickRestore Extension";
				SDKROOT = iphoneos;
				SKIP_INSTALL = YES;
				STRING_CATALOG_GENERATE_SYMBOLS = YES;
				SWIFT_APPROACHABLE_CONCURRENCY = YES;
				SWIFT_EMIT_LOC_STRINGS = YES;
				SWIFT_UPCOMING_FEATURE_MEMBER_IMPORT_VISIBILITY = YES;
				SWIFT_VERSION = 5.0;
				TARGETED_DEVICE_FAMILY = "1,2";
			};
			name = Debug;
		};
		44B023D0303771BB001C20BE /* Release */ = {
			isa = XCBuildConfiguration;
			buildSettings = {
				CODE_SIGN_STYLE = Automatic;
				CURRENT_PROJECT_VERSION = 1;
				ENABLE_USER_SCRIPT_SANDBOXING = NO;
				GENERATE_INFOPLIST_FILE = YES;
				INFOPLIST_FILE = "iOS (Extension)/Info.plist";
				INFOPLIST_KEY_CFBundleDisplayName = "RightClickRestore Extension";
				INFOPLIST_KEY_NSHumanReadableCopyright = "";
				IPHONEOS_DEPLOYMENT_TARGET = 15.0;
				LD_RUNPATH_SEARCH_PATHS = (
					"$(inherited)",
					"@executable_path/Frameworks",
					"@executable_path/../../Frameworks",
				);
				MARKETING_VERSION = 1.0;
				OTHER_LDFLAGS = (
					"-framework",
					SafariServices,
				);
				PRODUCT_BUNDLE_IDENTIFIER = com.antigravity.RightClickRestore.Extension;
				PRODUCT_NAME = "RightClickRestore Extension";
				SDKROOT = iphoneos;
				SKIP_INSTALL = YES;
				STRING_CATALOG_GENERATE_SYMBOLS = YES;
				SWIFT_APPROACHABLE_CONCURRENCY = YES;
				SWIFT_EMIT_LOC_STRINGS = YES;
				SWIFT_UPCOMING_FEATURE_MEMBER_IMPORT_VISIBILITY = YES;
				SWIFT_VERSION = 5.0;
				TARGETED_DEVICE_FAMILY = "1,2";
				VALIDATE_PRODUCT = YES;
			};
			name = Release;
		};
		44B023D3303771BB001C20BE /* Debug */ = {
			isa = XCBuildConfiguration;
			buildSettings = {
				ASSETCATALOG_COMPILER_APPICON_NAME = AppIcon;
				ASSETCATALOG_COMPILER_GLOBAL_ACCENT_COLOR_NAME = AccentColor;
				CODE_SIGN_STYLE = Automatic;
				CURRENT_PROJECT_VERSION = 1;
				ENABLE_USER_SCRIPT_SANDBOXING = NO;
				GENERATE_INFOPLIST_FILE = YES;
				INFOPLIST_FILE = "iOS (App)/Info.plist";
				INFOPLIST_KEY_CFBundleDisplayName = RightClickRestore;
				INFOPLIST_KEY_UIApplicationSupportsIndirectInputEvents = YES;
				INFOPLIST_KEY_UILaunchStoryboardName = LaunchScreen;
				INFOPLIST_KEY_UIMainStoryboardFile = Main;
				INFOPLIST_KEY_UISupportedInterfaceOrientations = "UIInterfaceOrientationPortrait UIInterfaceOrientationLandscapeLeft UIInterfaceOrientationLandscapeRight";
				INFOPLIST_KEY_UISupportedInterfaceOrientations_iPad = "UIInterfaceOrientationPortrait UIInterfaceOrientationPortraitUpsideDown UIInterfaceOrientationLandscapeLeft UIInterfaceOrientationLandscapeRight";
				IPHONEOS_DEPLOYMENT_TARGET = 15.0;
				LD_RUNPATH_SEARCH_PATHS = (
					"$(inherited)",
					"@executable_path/Frameworks",
				);
				MARKETING_VERSION = 1.0;
				OTHER_LDFLAGS = (
					"-framework",
					SafariServices,
					"-framework",
					WebKit,
				);
				PRODUCT_BUNDLE_IDENTIFIER = com.antigravity.RightClickRestore;
				PRODUCT_NAME = RightClickRestore;
				SDKROOT = iphoneos;
				STRING_CATALOG_GENERATE_SYMBOLS = YES;
				SWIFT_APPROACHABLE_CONCURRENCY = YES;
				SWIFT_DEFAULT_ACTOR_ISOLATION = MainActor;
				SWIFT_EMIT_LOC_STRINGS = YES;
				SWIFT_UPCOMING_FEATURE_MEMBER_IMPORT_VISIBILITY = YES;
				SWIFT_VERSION = 5.0;
				TARGETED_DEVICE_FAMILY = "1,2";
			};
			name = Debug;
		};
		44B023D4303771BB001C20BE /* Release */ = {
			isa = XCBuildConfiguration;
			buildSettings = {
				ASSETCATALOG_COMPILER_APPICON_NAME = AppIcon;
				ASSETCATALOG_COMPILER_GLOBAL_ACCENT_COLOR_NAME = AccentColor;
				CODE_SIGN_STYLE = Automatic;
				CURRENT_PROJECT_VERSION = 1;
				ENABLE_USER_SCRIPT_SANDBOXING = NO;
				GENERATE_INFOPLIST_FILE = YES;
				INFOPLIST_FILE = "iOS (App)/Info.plist";
				INFOPLIST_KEY_CFBundleDisplayName = RightClickRestore;
				INFOPLIST_KEY_UIApplicationSupportsIndirectInputEvents = YES;
				INFOPLIST_KEY_UILaunchStoryboardName = LaunchScreen;
				INFOPLIST_KEY_UIMainStoryboardFile = Main;
				INFOPLIST_KEY_UISupportedInterfaceOrientations = "UIInterfaceOrientationPortrait UIInterfaceOrientationLandscapeLeft UIInterfaceOrientationLandscapeRight";
				INFOPLIST_KEY_UISupportedInterfaceOrientations_iPad = "UIInterfaceOrientationPortrait UIInterfaceOrientationPortraitUpsideDown UIInterfaceOrientationLandscapeLeft UIInterfaceOrientationLandscapeRight";
				IPHONEOS_DEPLOYMENT_TARGET = 15.0;
				LD_RUNPATH_SEARCH_PATHS = (
					"$(inherited)",
					"@executable_path/Frameworks",
				);
				MARKETING_VERSION = 1.0;
				OTHER_LDFLAGS = (
					"-framework",
					SafariServices,
					"-framework",
					WebKit,
				);
				PRODUCT_BUNDLE_IDENTIFIER = com.antigravity.RightClickRestore;
				PRODUCT_NAME = RightClickRestore;
				SDKROOT = iphoneos;
				STRING_CATALOG_GENERATE_SYMBOLS = YES;
				SWIFT_APPROACHABLE_CONCURRENCY = YES;
				SWIFT_DEFAULT_ACTOR_ISOLATION = MainActor;
				SWIFT_EMIT_LOC_STRINGS = YES;
				SWIFT_UPCOMING_FEATURE_MEMBER_IMPORT_VISIBILITY = YES;
				SWIFT_VERSION = 5.0;
				TARGETED_DEVICE_FAMILY = "1,2";
				VALIDATE_PRODUCT = YES;
			};
			name = Release;
		};
		44B023D6303771BB001C20BE /* Debug */ = {
			isa = XCBuildConfiguration;
			buildSettings = {
				CODE_SIGN_STYLE = Automatic;
				CURRENT_PROJECT_VERSION = 1;
				ENABLE_APP_SANDBOX = YES;
				ENABLE_HARDENED_RUNTIME = YES;
				ENABLE_USER_SCRIPT_SANDBOXING = NO;
				ENABLE_USER_SELECTED_FILES = readonly;
				GENERATE_INFOPLIST_FILE = YES;
				INFOPLIST_FILE = "macOS (Extension)/Info.plist";
				INFOPLIST_KEY_CFBundleDisplayName = "RightClickRestore Extension";
				INFOPLIST_KEY_NSHumanReadableCopyright = "";
				LD_RUNPATH_SEARCH_PATHS = (
					"$(inherited)",
					"@executable_path/../Frameworks",
					"@executable_path/../../../../Frameworks",
				);
				MACOSX_DEPLOYMENT_TARGET = 12.0;
				MARKETING_VERSION = 1.0;
				OTHER_LDFLAGS = (
					"-framework",
					SafariServices,
				);
				PRODUCT_BUNDLE_IDENTIFIER = com.antigravity.RightClickRestore.Extension;
				PRODUCT_NAME = "RightClickRestore Extension";
				SDKROOT = macosx;
				SKIP_INSTALL = YES;
				STRING_CATALOG_GENERATE_SYMBOLS = YES;
				SWIFT_APPROACHABLE_CONCURRENCY = YES;
				SWIFT_EMIT_LOC_STRINGS = YES;
				SWIFT_UPCOMING_FEATURE_MEMBER_IMPORT_VISIBILITY = YES;
				SWIFT_VERSION = 5.0;
			};
			name = Debug;
		};
		44B023D7303771BB001C20BE /* Release */ = {
			isa = XCBuildConfiguration;
			buildSettings = {
				CODE_SIGN_STYLE = Automatic;
				CURRENT_PROJECT_VERSION = 1;
				ENABLE_APP_SANDBOX = YES;
				ENABLE_HARDENED_RUNTIME = YES;
				ENABLE_USER_SCRIPT_SANDBOXING = NO;
				ENABLE_USER_SELECTED_FILES = readonly;
				GENERATE_INFOPLIST_FILE = YES;
				INFOPLIST_FILE = "macOS (Extension)/Info.plist";
				INFOPLIST_KEY_CFBundleDisplayName = "RightClickRestore Extension";
				INFOPLIST_KEY_NSHumanReadableCopyright = "";
				LD_RUNPATH_SEARCH_PATHS = (
					"$(inherited)",
					"@executable_path/../Frameworks",
					"@executable_path/../../../../Frameworks",
				);
				MACOSX_DEPLOYMENT_TARGET = 12.0;
				MARKETING_VERSION = 1.0;
				OTHER_LDFLAGS = (
					"-framework",
					SafariServices,
				);
				PRODUCT_BUNDLE_IDENTIFIER = com.antigravity.RightClickRestore.Extension;
				PRODUCT_NAME = "RightClickRestore Extension";
				SDKROOT = macosx;
				SKIP_INSTALL = YES;
				STRING_CATALOG_GENERATE_SYMBOLS = YES;
				SWIFT_APPROACHABLE_CONCURRENCY = YES;
				SWIFT_EMIT_LOC_STRINGS = YES;
				SWIFT_UPCOMING_FEATURE_MEMBER_IMPORT_VISIBILITY = YES;
				SWIFT_VERSION = 5.0;
			};
			name = Release;
		};
		44B023DA303771BB001C20BE /* Debug */ = {
			isa = XCBuildConfiguration;
			buildSettings = {
				ASSETCATALOG_COMPILER_APPICON_NAME = AppIcon;
				ASSETCATALOG_COMPILER_GLOBAL_ACCENT_COLOR_NAME = AccentColor;
				CODE_SIGN_STYLE = Automatic;
				CURRENT_PROJECT_VERSION = 1;
				ENABLE_APP_SANDBOX = YES;
				ENABLE_HARDENED_RUNTIME = YES;
				ENABLE_OUTGOING_NETWORK_CONNECTIONS = YES;
				ENABLE_USER_SCRIPT_SANDBOXING = NO;
				ENABLE_USER_SELECTED_FILES = readonly;
				GENERATE_INFOPLIST_FILE = YES;
				INFOPLIST_FILE = "macOS (App)/Info.plist";
				INFOPLIST_KEY_CFBundleDisplayName = RightClickRestore;
				INFOPLIST_KEY_NSMainStoryboardFile = Main;
				INFOPLIST_KEY_NSPrincipalClass = NSApplication;
				LD_RUNPATH_SEARCH_PATHS = (
					"$(inherited)",
					"@executable_path/../Frameworks",
				);
				MACOSX_DEPLOYMENT_TARGET = 12.0;
				MARKETING_VERSION = 1.0;
				OTHER_LDFLAGS = (
					"-framework",
					SafariServices,
					"-framework",
					WebKit,
				);
				PRODUCT_BUNDLE_IDENTIFIER = com.antigravity.RightClickRestore;
				PRODUCT_NAME = RightClickRestore;
				REGISTER_APP_GROUPS = YES;
				SDKROOT = macosx;
				STRING_CATALOG_GENERATE_SYMBOLS = YES;
				SWIFT_APPROACHABLE_CONCURRENCY = YES;
				SWIFT_DEFAULT_ACTOR_ISOLATION = MainActor;
				SWIFT_EMIT_LOC_STRINGS = YES;
				SWIFT_UPCOMING_FEATURE_MEMBER_IMPORT_VISIBILITY = YES;
				SWIFT_VERSION = 5.0;
			};
			name = Debug;
		};
		44B023DB303771BB001C20BE /* Release */ = {
			isa = XCBuildConfiguration;
			buildSettings = {
				ASSETCATALOG_COMPILER_APPICON_NAME = AppIcon;
				ASSETCATALOG_COMPILER_GLOBAL_ACCENT_COLOR_NAME = AccentColor;
				CODE_SIGN_STYLE = Automatic;
				CURRENT_PROJECT_VERSION = 1;
				ENABLE_APP_SANDBOX = YES;
				ENABLE_HARDENED_RUNTIME = YES;
				ENABLE_OUTGOING_NETWORK_CONNECTIONS = YES;
				ENABLE_USER_SCRIPT_SANDBOXING = NO;
				ENABLE_USER_SELECTED_FILES = readonly;
				GENERATE_INFOPLIST_FILE = YES;
				INFOPLIST_FILE = "macOS (App)/Info.plist";
				INFOPLIST_KEY_CFBundleDisplayName = RightClickRestore;
				INFOPLIST_KEY_NSMainStoryboardFile = Main;
				INFOPLIST_KEY_NSPrincipalClass = NSApplication;
				LD_RUNPATH_SEARCH_PATHS = (
					"$(inherited)",
					"@executable_path/../Frameworks",
				);
				MACOSX_DEPLOYMENT_TARGET = 12.0;
				MARKETING_VERSION = 1.0;
				OTHER_LDFLAGS = (
					"-framework",
					SafariServices,
					"-framework",
					WebKit,
				);
				PRODUCT_BUNDLE_IDENTIFIER = com.antigravity.RightClickRestore;
				PRODUCT_NAME = RightClickRestore;
				REGISTER_APP_GROUPS = YES;
				SDKROOT = macosx;
				STRING_CATALOG_GENERATE_SYMBOLS = YES;
				SWIFT_APPROACHABLE_CONCURRENCY = YES;
				SWIFT_DEFAULT_ACTOR_ISOLATION = MainActor;
				SWIFT_EMIT_LOC_STRINGS = YES;
				SWIFT_UPCOMING_FEATURE_MEMBER_IMPORT_VISIBILITY = YES;
				SWIFT_VERSION = 5.0;
			};
			name = Release;
		};
/* End XCBuildConfiguration section */

/* Begin XCConfigurationList section */
		44B02380303771BB001C20BE /* Build configuration list for PBXProject "RightClickRestore" */ = {
			isa = XCConfigurationList;
			buildConfigurations = (
				44B023CC303771BB001C20BE /* Debug */,
				44B023CD303771BB001C20BE /* Release */,
			);
			defaultConfigurationName = Release;
		};
		44B023CE303771BB001C20BE /* Build configuration list for PBXNativeTarget "RightClickRestore Extension (iOS)" */ = {
			isa = XCConfigurationList;
			buildConfigurations = (
				44B023CF303771BB001C20BE /* Debug */,
				44B023D0303771BB001C20BE /* Release */,
			);
			defaultConfigurationName = Release;
		};
		44B023D2303771BB001C20BE /* Build configuration list for PBXNativeTarget "RightClickRestore (iOS)" */ = {
			isa = XCConfigurationList;
			buildConfigurations = (
				44B023D3303771BB001C20BE /* Debug */,
				44B023D4303771BB001C20BE /* Release */,
			);
			defaultConfigurationName = Release;
		};
		44B023D5303771BB001C20BE /* Build configuration list for PBXNativeTarget "RightClickRestore Extension (macOS)" */ = {
			isa = XCConfigurationList;
			buildConfigurations = (
				44B023D6303771BB001C20BE /* Debug */,
				44B023D7303771BB001C20BE /* Release */,
			);
			defaultConfigurationName = Release;
		};
		44B023D9303771BB001C20BE /* Build configuration list for PBXNativeTarget "RightClickRestore (macOS)" */ = {
			isa = XCConfigurationList;
			buildConfigurations = (
				44B023DA303771BB001C20BE /* Debug */,
				44B023DB303771BB001C20BE /* Release */,
			);
			defaultConfigurationName = Release;
		};
/* End XCConfigurationList section */
	};
	rootObject = 44B0237D303771BB001C20BE /* Project object */;
}
