// !$*UTF8*$!
{
	archiveVersion = 1;
	classes = {
	};
	objectVersion = 110;
	objects = {

/* Begin PBXBuildFile section */
		4496F29E3037702C0073AD82 /* AppDelegate.swift in Sources */ = {isa = PBXBuildFile; fileRef = 4496F29D3037702C0073AD82 /* AppDelegate.swift */; };
		4496F2A03037702C0073AD82 /* SceneDelegate.swift in Sources */ = {isa = PBXBuildFile; fileRef = 4496F29F3037702C0073AD82 /* SceneDelegate.swift */; };
		4496F2A33037702C0073AD82 /* LaunchScreen.storyboard in Resources */ = {isa = PBXBuildFile; fileRef = 4496F2A13037702C0073AD82 /* LaunchScreen.storyboard */; };
		4496F2A63037702C0073AD82 /* Main.storyboard in Resources */ = {isa = PBXBuildFile; fileRef = 4496F2A43037702C0073AD82 /* Main.storyboard */; };
		4496F2AF3037702C0073AD82 /* AppDelegate.swift in Sources */ = {isa = PBXBuildFile; fileRef = 4496F2AE3037702C0073AD82 /* AppDelegate.swift */; };
		4496F2B23037702C0073AD82 /* Main.storyboard in Resources */ = {isa = PBXBuildFile; fileRef = 4496F2B03037702C0073AD82 /* Main.storyboard */; };
		4496F2B93037702C0073AD82 /* RightClickRestore Extension.appex in Embed Foundation Extensions */ = {isa = PBXBuildFile; fileRef = 4496F2B83037702C0073AD82 /* RightClickRestore Extension.appex */; settings = {ATTRIBUTES = (RemoveHeadersOnCopy, ); }; };
		4496F2C33037702C0073AD82 /* RightClickRestore Extension.appex in Embed Foundation Extensions */ = {isa = PBXBuildFile; fileRef = 4496F2C23037702C0073AD82 /* RightClickRestore Extension.appex */; settings = {ATTRIBUTES = (RemoveHeadersOnCopy, ); }; };
		4496F2C83037702C0073AD82 /* Main.html in Resources */ = {isa = PBXBuildFile; fileRef = 4496F28D3037702B0073AD82 /* Main.html */; };
		4496F2C93037702C0073AD82 /* Main.html in Resources */ = {isa = PBXBuildFile; fileRef = 4496F28D3037702B0073AD82 /* Main.html */; };
		4496F2CA3037702C0073AD82 /* Icon.png in Resources */ = {isa = PBXBuildFile; fileRef = 4496F28F3037702B0073AD82 /* Icon.png */; };
		4496F2CB3037702C0073AD82 /* Icon.png in Resources */ = {isa = PBXBuildFile; fileRef = 4496F28F3037702B0073AD82 /* Icon.png */; };
		4496F2CC3037702C0073AD82 /* Style.css in Resources */ = {isa = PBXBuildFile; fileRef = 4496F2903037702B0073AD82 /* Style.css */; };
		4496F2CD3037702C0073AD82 /* Style.css in Resources */ = {isa = PBXBuildFile; fileRef = 4496F2903037702B0073AD82 /* Style.css */; };
		4496F2CE3037702C0073AD82 /* Script.js in Resources */ = {isa = PBXBuildFile; fileRef = 4496F2913037702B0073AD82 /* Script.js */; };
		4496F2CF3037702C0073AD82 /* Script.js in Resources */ = {isa = PBXBuildFile; fileRef = 4496F2913037702B0073AD82 /* Script.js */; };
		4496F2D03037702C0073AD82 /* ViewController.swift in Sources */ = {isa = PBXBuildFile; fileRef = 4496F2923037702B0073AD82 /* ViewController.swift */; };
		4496F2D13037702C0073AD82 /* ViewController.swift in Sources */ = {isa = PBXBuildFile; fileRef = 4496F2923037702B0073AD82 /* ViewController.swift */; };
		4496F2D23037702C0073AD82 /* Assets.xcassets in Resources */ = {isa = PBXBuildFile; fileRef = 4496F2933037702C0073AD82 /* Assets.xcassets */; };
		4496F2D33037702C0073AD82 /* Assets.xcassets in Resources */ = {isa = PBXBuildFile; fileRef = 4496F2933037702C0073AD82 /* Assets.xcassets */; };
		4496F2D43037702C0073AD82 /* SafariWebExtensionHandler.swift in Sources */ = {isa = PBXBuildFile; fileRef = 4496F2953037702C0073AD82 /* SafariWebExtensionHandler.swift */; };
		4496F2D53037702C0073AD82 /* SafariWebExtensionHandler.swift in Sources */ = {isa = PBXBuildFile; fileRef = 4496F2953037702C0073AD82 /* SafariWebExtensionHandler.swift */; };
		4496F2EE3037702C0073AD82 /* popup in Resources */ = {isa = PBXBuildFile; fileRef = 4496F2E73037702C0073AD82 /* popup */; };
		4496F2EF3037702C0073AD82 /* content.css in Resources */ = {isa = PBXBuildFile; fileRef = 4496F2E83037702C0073AD82 /* content.css */; };
		4496F2F03037702C0073AD82 /* background.js in Resources */ = {isa = PBXBuildFile; fileRef = 4496F2E93037702C0073AD82 /* background.js */; };
		4496F2F13037702C0073AD82 /* page-script.js in Resources */ = {isa = PBXBuildFile; fileRef = 4496F2EA3037702C0073AD82 /* page-script.js */; };
		4496F2F23037702C0073AD82 /* icons in Resources */ = {isa = PBXBuildFile; fileRef = 4496F2EB3037702C0073AD82 /* icons */; };
		4496F2F33037702C0073AD82 /* manifest.json in Resources */ = {isa = PBXBuildFile; fileRef = 4496F2EC3037702C0073AD82 /* manifest.json */; };
		4496F2F43037702C0073AD82 /* content.js in Resources */ = {isa = PBXBuildFile; fileRef = 4496F2ED3037702C0073AD82 /* content.js */; };
		4496F2F53037702C0073AD82 /* popup in Resources */ = {isa = PBXBuildFile; fileRef = 4496F2E73037702C0073AD82 /* popup */; };
		4496F2F63037702C0073AD82 /* content.css in Resources */ = {isa = PBXBuildFile; fileRef = 4496F2E83037702C0073AD82 /* content.css */; };
		4496F2F73037702C0073AD82 /* background.js in Resources */ = {isa = PBXBuildFile; fileRef = 4496F2E93037702C0073AD82 /* background.js */; };
		4496F2F83037702C0073AD82 /* page-script.js in Resources */ = {isa = PBXBuildFile; fileRef = 4496F2EA3037702C0073AD82 /* page-script.js */; };
		4496F2F93037702C0073AD82 /* icons in Resources */ = {isa = PBXBuildFile; fileRef = 4496F2EB3037702C0073AD82 /* icons */; };
		4496F2FA3037702C0073AD82 /* manifest.json in Resources */ = {isa = PBXBuildFile; fileRef = 4496F2EC3037702C0073AD82 /* manifest.json */; };
		4496F2FB3037702C0073AD82 /* content.js in Resources */ = {isa = PBXBuildFile; fileRef = 4496F2ED3037702C0073AD82 /* content.js */; };
/* End PBXBuildFile section */

/* Begin PBXContainerItemProxy section */
		4496F2BA3037702C0073AD82 /* PBXContainerItemProxy */ = {
			isa = PBXContainerItemProxy;
			containerPortal = 4496F2873037702B0073AD82 /* Project object */;
			proxyType = 1;
			remoteGlobalIDString = 4496F2B73037702C0073AD82;
			remoteInfo = "RightClickRestore Extension (iOS)";
		};
		4496F2C43037702C0073AD82 /* PBXContainerItemProxy */ = {
			isa = PBXContainerItemProxy;
			containerPortal = 4496F2873037702B0073AD82 /* Project object */;
			proxyType = 1;
			remoteGlobalIDString = 4496F2C13037702C0073AD82;
			remoteInfo = "RightClickRestore Extension (macOS)";
		};
/* End PBXContainerItemProxy section */

/* Begin PBXCopyFilesBuildPhase section */
		4496F2DB3037702C0073AD82 /* Embed Foundation Extensions */ = {
			isa = PBXCopyFilesBuildPhase;
			dstPath = "";
			dstSubfolder = PlugIns;
			files = (
				4496F2B93037702C0073AD82 /* RightClickRestore Extension.appex in Embed Foundation Extensions */,
			);
			name = "Embed Foundation Extensions";
		};
		4496F2E23037702C0073AD82 /* Embed Foundation Extensions */ = {
			isa = PBXCopyFilesBuildPhase;
			dstPath = "";
			dstSubfolder = PlugIns;
			files = (
				4496F2C33037702C0073AD82 /* RightClickRestore Extension.appex in Embed Foundation Extensions */,
			);
			name = "Embed Foundation Extensions";
		};
/* End PBXCopyFilesBuildPhase section */

/* Begin PBXFileReference section */
		4496F28E3037702B0073AD82 /* Base */ = {isa = PBXFileReference; lastKnownFileType = text.html; name = Base; path = Base.lproj/Main.html; sourceTree = "<group>"; };
		4496F28F3037702B0073AD82 /* Icon.png */ = {isa = PBXFileReference; lastKnownFileType = image.png; path = Icon.png; sourceTree = "<group>"; };
		4496F2903037702B0073AD82 /* Style.css */ = {isa = PBXFileReference; lastKnownFileType = text.css; path = Style.css; sourceTree = "<group>"; };
		4496F2913037702B0073AD82 /* Script.js */ = {isa = PBXFileReference; lastKnownFileType = sourcecode.javascript; path = Script.js; sourceTree = "<group>"; };
		4496F2923037702B0073AD82 /* ViewController.swift */ = {isa = PBXFileReference; lastKnownFileType = sourcecode.swift; path = ViewController.swift; sourceTree = "<group>"; };
		4496F2933037702C0073AD82 /* Assets.xcassets */ = {isa = PBXFileReference; lastKnownFileType = folder.assetcatalog; path = Assets.xcassets; sourceTree = "<group>"; };
		4496F2953037702C0073AD82 /* SafariWebExtensionHandler.swift */ = {isa = PBXFileReference; lastKnownFileType = sourcecode.swift; path = SafariWebExtensionHandler.swift; sourceTree = "<group>"; };
		4496F29A3037702C0073AD82 /* RightClickRestore.app */ = {isa = PBXFileReference; explicitFileType = wrapper.application; includeInIndex = 0; path = RightClickRestore.app; sourceTree = BUILT_PRODUCTS_DIR; };
		4496F29D3037702C0073AD82 /* AppDelegate.swift */ = {isa = PBXFileReference; lastKnownFileType = sourcecode.swift; path = AppDelegate.swift; sourceTree = "<group>"; };
		4496F29F3037702C0073AD82 /* SceneDelegate.swift */ = {isa = PBXFileReference; lastKnownFileType = sourcecode.swift; path = SceneDelegate.swift; sourceTree = "<group>"; };
		4496F2A23037702C0073AD82 /* Base */ = {isa = PBXFileReference; lastKnownFileType = file.storyboard; name = Base; path = Base.lproj/LaunchScreen.storyboard; sourceTree = "<group>"; };
		4496F2A53037702C0073AD82 /* Base */ = {isa = PBXFileReference; lastKnownFileType = file.storyboard; name = Base; path = Base.lproj/Main.storyboard; sourceTree = "<group>"; };
		4496F2A73037702C0073AD82 /* Info.plist */ = {isa = PBXFileReference; lastKnownFileType = text.plist.xml; path = Info.plist; sourceTree = "<group>"; };
		4496F2AC3037702C0073AD82 /* RightClickRestore.app */ = {isa = PBXFileReference; explicitFileType = wrapper.application; includeInIndex = 0; path = RightClickRestore.app; sourceTree = BUILT_PRODUCTS_DIR; };
		4496F2AE3037702C0073AD82 /* AppDelegate.swift */ = {isa = PBXFileReference; lastKnownFileType = sourcecode.swift; path = AppDelegate.swift; sourceTree = "<group>"; };
		4496F2B13037702C0073AD82 /* Base */ = {isa = PBXFileReference; lastKnownFileType = file.storyboard; name = Base; path = Base.lproj/Main.storyboard; sourceTree = "<group>"; };
		4496F2B33037702C0073AD82 /* Info.plist */ = {isa = PBXFileReference; lastKnownFileType = text.plist.xml; path = Info.plist; sourceTree = "<group>"; };
		4496F2B83037702C0073AD82 /* RightClickRestore Extension.appex */ = {isa = PBXFileReference; explicitFileType = "wrapper.app-extension"; includeInIndex = 0; path = "RightClickRestore Extension.appex"; sourceTree = BUILT_PRODUCTS_DIR; };
		4496F2BD3037702C0073AD82 /* Info.plist */ = {isa = PBXFileReference; lastKnownFileType = text.plist.xml; path = Info.plist; sourceTree = "<group>"; };
		4496F2C23037702C0073AD82 /* RightClickRestore Extension.appex */ = {isa = PBXFileReference; explicitFileType = "wrapper.app-extension"; includeInIndex = 0; path = "RightClickRestore Extension.appex"; sourceTree = BUILT_PRODUCTS_DIR; };
		4496F2C73037702C0073AD82 /* Info.plist */ = {isa = PBXFileReference; lastKnownFileType = text.plist.xml; path = Info.plist; sourceTree = "<group>"; };
		4496F2E73037702C0073AD82 /* popup */ = {isa = PBXFileReference; lastKnownFileType = folder; name = popup; path = Resources/popup; sourceTree = "<group>"; };
		4496F2E83037702C0073AD82 /* content.css */ = {isa = PBXFileReference; lastKnownFileType = text.css; name = content.css; path = Resources/content.css; sourceTree = "<group>"; };
		4496F2E93037702C0073AD82 /* background.js */ = {isa = PBXFileReference; lastKnownFileType = sourcecode.javascript; name = background.js; path = Resources/background.js; sourceTree = "<group>"; };
		4496F2EA3037702C0073AD82 /* page-script.js */ = {isa = PBXFileReference; lastKnownFileType = sourcecode.javascript; name = "page-script.js"; path = "Resources/page-script.js"; sourceTree = "<group>"; };
		4496F2EB3037702C0073AD82 /* icons */ = {isa = PBXFileReference; lastKnownFileType = folder; name = icons; path = Resources/icons; sourceTree = "<group>"; };
		4496F2EC3037702C0073AD82 /* manifest.json */ = {isa = PBXFileReference; lastKnownFileType = text.json; name = manifest.json; path = Resources/manifest.json; sourceTree = "<group>"; };
		4496F2ED3037702C0073AD82 /* content.js */ = {isa = PBXFileReference; lastKnownFileType = sourcecode.javascript; name = content.js; path = Resources/content.js; sourceTree = "<group>"; };
/* End PBXFileReference section */

/* Begin PBXFrameworksBuildPhase section */
		4496F2973037702C0073AD82 /* Frameworks */ = {
			isa = PBXFrameworksBuildPhase;
			files = (
			);
		};
		4496F2A93037702C0073AD82 /* Frameworks */ = {
			isa = PBXFrameworksBuildPhase;
			files = (
			);
		};
		4496F2B53037702C0073AD82 /* Frameworks */ = {
			isa = PBXFrameworksBuildPhase;
			files = (
			);
		};
		4496F2BF3037702C0073AD82 /* Frameworks */ = {
			isa = PBXFrameworksBuildPhase;
			files = (
			);
		};
/* End PBXFrameworksBuildPhase section */

/* Begin PBXGroup section */
		4496F2863037702B0073AD82 = {
			isa = PBXGroup;
			children = (
				4496F28B3037702B0073AD82 /* Shared (App) */,
				4496F2943037702C0073AD82 /* Shared (Extension) */,
				4496F29C3037702C0073AD82 /* iOS (App) */,
				4496F2AD3037702C0073AD82 /* macOS (App) */,
				4496F2BC3037702C0073AD82 /* iOS (Extension) */,
				4496F2C63037702C0073AD82 /* macOS (Extension) */,
				4496F29B3037702C0073AD82 /* Products */,
			);
			sourceTree = "<group>";
		};
		4496F28B3037702B0073AD82 /* Shared (App) */ = {
			isa = PBXGroup;
			children = (
				4496F2923037702B0073AD82 /* ViewController.swift */,
				4496F2933037702C0073AD82 /* Assets.xcassets */,
				4496F28C3037702B0073AD82 /* Resources */,
			);
			path = "Shared (App)";
			sourceTree = "<group>";
		};
		4496F28C3037702B0073AD82 /* Resources */ = {
			isa = PBXGroup;
			children = (
				4496F28D3037702B0073AD82 /* Main.html */,
				4496F28F3037702B0073AD82 /* Icon.png */,
				4496F2903037702B0073AD82 /* Style.css */,
				4496F2913037702B0073AD82 /* Script.js */,
			);
			path = Resources;
			sourceTree = "<group>";
		};
		4496F2943037702C0073AD82 /* Shared (Extension) */ = {
			isa = PBXGroup;
			children = (
				4496F2E63037702C0073AD82 /* Resources */,
				4496F2953037702C0073AD82 /* SafariWebExtensionHandler.swift */,
			);
			path = "Shared (Extension)";
			sourceTree = "<group>";
		};
		4496F29B3037702C0073AD82 /* Products */ = {
			isa = PBXGroup;
			children = (
				4496F29A3037702C0073AD82 /* RightClickRestore.app */,
				4496F2AC3037702C0073AD82 /* RightClickRestore.app */,
				4496F2B83037702C0073AD82 /* RightClickRestore Extension.appex */,
				4496F2C23037702C0073AD82 /* RightClickRestore Extension.appex */,
			);
			name = Products;
			sourceTree = "<group>";
		};
		4496F29C3037702C0073AD82 /* iOS (App) */ = {
			isa = PBXGroup;
			children = (
				4496F29D3037702C0073AD82 /* AppDelegate.swift */,
				4496F29F3037702C0073AD82 /* SceneDelegate.swift */,
				4496F2A13037702C0073AD82 /* LaunchScreen.storyboard */,
				4496F2A43037702C0073AD82 /* Main.storyboard */,
				4496F2A73037702C0073AD82 /* Info.plist */,
			);
			path = "iOS (App)";
			sourceTree = "<group>";
		};
		4496F2AD3037702C0073AD82 /* macOS (App) */ = {
			isa = PBXGroup;
			children = (
				4496F2AE3037702C0073AD82 /* AppDelegate.swift */,
				4496F2B03037702C0073AD82 /* Main.storyboard */,
				4496F2B33037702C0073AD82 /* Info.plist */,
			);
			path = "macOS (App)";
			sourceTree = "<group>";
		};
		4496F2BC3037702C0073AD82 /* iOS (Extension) */ = {
			isa = PBXGroup;
			children = (
				4496F2BD3037702C0073AD82 /* Info.plist */,
			);
			path = "iOS (Extension)";
			sourceTree = "<group>";
		};
		4496F2C63037702C0073AD82 /* macOS (Extension) */ = {
			isa = PBXGroup;
			children = (
				4496F2C73037702C0073AD82 /* Info.plist */,
			);
			path = "macOS (Extension)";
			sourceTree = "<group>";
		};
		4496F2E63037702C0073AD82 /* Resources */ = {
			isa = PBXGroup;
			children = (
				4496F2E73037702C0073AD82 /* popup */,
				4496F2E83037702C0073AD82 /* content.css */,
				4496F2E93037702C0073AD82 /* background.js */,
				4496F2EA3037702C0073AD82 /* page-script.js */,
				4496F2EB3037702C0073AD82 /* icons */,
				4496F2EC3037702C0073AD82 /* manifest.json */,
				4496F2ED3037702C0073AD82 /* content.js */,
			);
			name = Resources;
			path = "Shared (Extension)";
			sourceTree = SOURCE_ROOT;
		};
/* End PBXGroup section */

/* Begin PBXNativeTarget section */
		4496F2993037702C0073AD82 /* RightClickRestore (iOS) */ = {
			isa = PBXNativeTarget;
			buildConfigurationList = 4496F2DC3037702C0073AD82 /* Build configuration list for PBXNativeTarget "RightClickRestore (iOS)" */;
			buildPhases = (
				4496F2963037702C0073AD82 /* Sources */,
				4496F2973037702C0073AD82 /* Frameworks */,
				4496F2983037702C0073AD82 /* Resources */,
				4496F2DB3037702C0073AD82 /* Embed Foundation Extensions */,
			);
			buildRules = (
			);
			dependencies = (
				4496F2BB3037702C0073AD82 /* PBXTargetDependency */,
			);
			name = "RightClickRestore (iOS)";
			productName = "RightClickRestore (iOS)";
			productReference = 4496F29A3037702C0073AD82 /* RightClickRestore.app */;
			productType = "com.apple.product-type.application";
		};
		4496F2AB3037702C0073AD82 /* RightClickRestore (macOS) */ = {
			isa = PBXNativeTarget;
			buildConfigurationList = 4496F2E33037702C0073AD82 /* Build configuration list for PBXNativeTarget "RightClickRestore (macOS)" */;
			buildPhases = (
				4496F2A83037702C0073AD82 /* Sources */,
				4496F2A93037702C0073AD82 /* Frameworks */,
				4496F2AA3037702C0073AD82 /* Resources */,
				4496F2E23037702C0073AD82 /* Embed Foundation Extensions */,
			);
			buildRules = (
			);
			dependencies = (
				4496F2C53037702C0073AD82 /* PBXTargetDependency */,
			);
			name = "RightClickRestore (macOS)";
			productName = "RightClickRestore (macOS)";
			productReference = 4496F2AC3037702C0073AD82 /* RightClickRestore.app */;
			productType = "com.apple.product-type.application";
		};
		4496F2B73037702C0073AD82 /* RightClickRestore Extension (iOS) */ = {
			isa = PBXNativeTarget;
			buildConfigurationList = 4496F2D83037702C0073AD82 /* Build configuration list for PBXNativeTarget "RightClickRestore Extension (iOS)" */;
			buildPhases = (
				4496F2B43037702C0073AD82 /* Sources */,
				4496F2B53037702C0073AD82 /* Frameworks */,
				4496F2B63037702C0073AD82 /* Resources */,
			);
			buildRules = (
			);
			name = "RightClickRestore Extension (iOS)";
			productName = "RightClickRestore Extension (iOS)";
			productReference = 4496F2B83037702C0073AD82 /* RightClickRestore Extension.appex */;
			productType = "com.apple.product-type.app-extension";
		};
		4496F2C13037702C0073AD82 /* RightClickRestore Extension (macOS) */ = {
			isa = PBXNativeTarget;
			buildConfigurationList = 4496F2DF3037702C0073AD82 /* Build configuration list for PBXNativeTarget "RightClickRestore Extension (macOS)" */;
			buildPhases = (
				4496F2BE3037702C0073AD82 /* Sources */,
				4496F2BF3037702C0073AD82 /* Frameworks */,
				4496F2C03037702C0073AD82 /* Resources */,
			);
			buildRules = (
			);
			name = "RightClickRestore Extension (macOS)";
			productName = "RightClickRestore Extension (macOS)";
			productReference = 4496F2C23037702C0073AD82 /* RightClickRestore Extension.appex */;
			productType = "com.apple.product-type.app-extension";
		};
/* End PBXNativeTarget section */

/* Begin PBXProject section */
		4496F2873037702B0073AD82 /* Project object */ = {
			isa = PBXProject;
			attributes = {
				BuildIndependentTargetsInParallel = 1;
				LastSwiftUpdateCheck = 2700;
				LastUpgradeCheck = 2700;
				TargetAttributes = {
					4496F2993037702C0073AD82 = {
						CreatedOnToolsVersion = 27.0;
					};
					4496F2AB3037702C0073AD82 = {
						CreatedOnToolsVersion = 27.0;
					};
					4496F2B73037702C0073AD82 = {
						CreatedOnToolsVersion = 27.0;
					};
					4496F2C13037702C0073AD82 = {
						CreatedOnToolsVersion = 27.0;
					};
				};
			};
			buildConfigurationList = 4496F28A3037702B0073AD82 /* Build configuration list for PBXProject "RightClickRestore" */;
			developmentRegion = en;
			hasScannedForEncodings = 0;
			knownRegions = (
				en,
				Base,
			);
			mainGroup = 4496F2863037702B0073AD82;
			minimizedProjectReferenceProxies = 1;
			preferredProjectObjectVersion = 77;
			productRefGroup = 4496F29B3037702C0073AD82 /* Products */;
			projectDirPath = "";
			projectRoot = "";
			targets = (
				4496F2993037702C0073AD82 /* RightClickRestore (iOS) */,
				4496F2AB3037702C0073AD82 /* RightClickRestore (macOS) */,
				4496F2B73037702C0073AD82 /* RightClickRestore Extension (iOS) */,
				4496F2C13037702C0073AD82 /* RightClickRestore Extension (macOS) */,
			);
		};
/* End PBXProject section */

/* Begin PBXResourcesBuildPhase section */
		4496F2983037702C0073AD82 /* Resources */ = {
			isa = PBXResourcesBuildPhase;
			files = (
				4496F2CA3037702C0073AD82 /* Icon.png in Resources */,
				4496F2A33037702C0073AD82 /* LaunchScreen.storyboard in Resources */,
				4496F2C83037702C0073AD82 /* Main.html in Resources */,
				4496F2CE3037702C0073AD82 /* Script.js in Resources */,
				4496F2D23037702C0073AD82 /* Assets.xcassets in Resources */,
				4496F2A63037702C0073AD82 /* Main.storyboard in Resources */,
				4496F2CC3037702C0073AD82 /* Style.css in Resources */,
			);
		};
		4496F2AA3037702C0073AD82 /* Resources */ = {
			isa = PBXResourcesBuildPhase;
			files = (
				4496F2CB3037702C0073AD82 /* Icon.png in Resources */,
				4496F2CD3037702C0073AD82 /* Style.css in Resources */,
				4496F2B23037702C0073AD82 /* Main.storyboard in Resources */,
				4496F2CF3037702C0073AD82 /* Script.js in Resources */,
				4496F2D33037702C0073AD82 /* Assets.xcassets in Resources */,
				4496F2C93037702C0073AD82 /* Main.html in Resources */,
			);
		};
		4496F2B63037702C0073AD82 /* Resources */ = {
			isa = PBXResourcesBuildPhase;
			files = (
				4496F2F83037702C0073AD82 /* page-script.js in Resources */,
				4496F2F53037702C0073AD82 /* popup in Resources */,
				4496F2F73037702C0073AD82 /* background.js in Resources */,
				4496F2F93037702C0073AD82 /* icons in Resources */,
				4496F2FA3037702C0073AD82 /* manifest.json in Resources */,
				4496F2FB3037702C0073AD82 /* content.js in Resources */,
				4496F2F63037702C0073AD82 /* content.css in Resources */,
			);
		};
		4496F2C03037702C0073AD82 /* Resources */ = {
			isa = PBXResourcesBuildPhase;
			files = (
				4496F2F13037702C0073AD82 /* page-script.js in Resources */,
				4496F2EE3037702C0073AD82 /* popup in Resources */,
				4496F2F03037702C0073AD82 /* background.js in Resources */,
				4496F2F23037702C0073AD82 /* icons in Resources */,
				4496F2F33037702C0073AD82 /* manifest.json in Resources */,
				4496F2F43037702C0073AD82 /* content.js in Resources */,
				4496F2EF3037702C0073AD82 /* content.css in Resources */,
			);
		};
/* End PBXResourcesBuildPhase section */

/* Begin PBXSourcesBuildPhase section */
		4496F2963037702C0073AD82 /* Sources */ = {
			isa = PBXSourcesBuildPhase;
			files = (
				4496F2D03037702C0073AD82 /* ViewController.swift in Sources */,
				4496F29E3037702C0073AD82 /* AppDelegate.swift in Sources */,
				4496F2A03037702C0073AD82 /* SceneDelegate.swift in Sources */,
			);
		};
		4496F2A83037702C0073AD82 /* Sources */ = {
			isa = PBXSourcesBuildPhase;
			files = (
				4496F2D13037702C0073AD82 /* ViewController.swift in Sources */,
				4496F2AF3037702C0073AD82 /* AppDelegate.swift in Sources */,
			);
		};
		4496F2B43037702C0073AD82 /* Sources */ = {
			isa = PBXSourcesBuildPhase;
			files = (
				4496F2D43037702C0073AD82 /* SafariWebExtensionHandler.swift in Sources */,
			);
		};
		4496F2BE3037702C0073AD82 /* Sources */ = {
			isa = PBXSourcesBuildPhase;
			files = (
				4496F2D53037702C0073AD82 /* SafariWebExtensionHandler.swift in Sources */,
			);
		};
/* End PBXSourcesBuildPhase section */

/* Begin PBXTargetDependency section */
		4496F2BB3037702C0073AD82 /* PBXTargetDependency */ = {
			isa = PBXTargetDependency;
			target = 4496F2B73037702C0073AD82 /* RightClickRestore Extension (iOS) */;
			targetProxy = 4496F2BA3037702C0073AD82 /* PBXContainerItemProxy */;
		};
		4496F2C53037702C0073AD82 /* PBXTargetDependency */ = {
			isa = PBXTargetDependency;
			target = 4496F2C13037702C0073AD82 /* RightClickRestore Extension (macOS) */;
			targetProxy = 4496F2C43037702C0073AD82 /* PBXContainerItemProxy */;
		};
/* End PBXTargetDependency section */

/* Begin PBXVariantGroup section */
		4496F28D3037702B0073AD82 /* Main.html */ = {
			isa = PBXVariantGroup;
			children = (
				4496F28E3037702B0073AD82 /* Base */,
			);
			name = Main.html;
			sourceTree = "<group>";
		};
		4496F2A13037702C0073AD82 /* LaunchScreen.storyboard */ = {
			isa = PBXVariantGroup;
			children = (
				4496F2A23037702C0073AD82 /* Base */,
			);
			name = LaunchScreen.storyboard;
			sourceTree = "<group>";
		};
		4496F2A43037702C0073AD82 /* Main.storyboard */ = {
			isa = PBXVariantGroup;
			children = (
				4496F2A53037702C0073AD82 /* Base */,
			);
			name = Main.storyboard;
			sourceTree = "<group>";
		};
		4496F2B03037702C0073AD82 /* Main.storyboard */ = {
			isa = PBXVariantGroup;
			children = (
				4496F2B13037702C0073AD82 /* Base */,
			);
			name = Main.storyboard;
			sourceTree = "<group>";
		};
/* End PBXVariantGroup section */

/* Begin XCBuildConfiguration section */
		4496F2D63037702C0073AD82 /* Debug configuration for PBXProject "RightClickRestore" */ = {
			isa = XCBuildConfiguration;
			buildSettings = {
				ALWAYS_SEARCH_USER_PATHS = NO;
				ASSETCATALOG_COMPILER_GENERATE_SWIFT_ASSET_SYMBOL_EXTENSIONS = YES;
				CLANG_ANALYZER_NONNULL = YES;
				CLANG_ANALYZER_NUMBER_OBJECT_CONVERSION = YES_AGGRESSIVE;
				CLANG_CXX_LANGUAGE_STANDARD = "gnu++20";
				CLANG_ENABLE_MODULES = YES;
				CLANG_ENABLE_OBJC_ARC = YES;
				CLANG_ENABLE_OBJC_WEAK = YES;
				CLANG_WARN_BLOCK_CAPTURE_AUTORELEASING = YES;
				CLANG_WARN_BOOL_CONVERSION = YES;
				CLANG_WARN_COMMA = YES;
				CLANG_WARN_CONSTANT_CONVERSION = YES;
				CLANG_WARN_DEPRECATED_OBJC_IMPLEMENTATIONS = YES;
				CLANG_WARN_DIRECT_OBJC_ISA_USAGE = YES_ERROR;
				CLANG_WARN_DOCUMENTATION_COMMENTS = YES;
				CLANG_WARN_EMPTY_BODY = YES;
				CLANG_WARN_ENUM_CONVERSION = YES;
				CLANG_WARN_INFINITE_RECURSION = YES;
				CLANG_WARN_INT_CONVERSION = YES;
				CLANG_WARN_NON_LITERAL_NULL_CONVERSION = YES;
				CLANG_WARN_OBJC_IMPLICIT_RETAIN_SELF = YES;
				CLANG_WARN_OBJC_LITERAL_CONVERSION = YES;
				CLANG_WARN_OBJC_ROOT_CLASS = YES_ERROR;
				CLANG_WARN_QUOTED_INCLUDE_IN_FRAMEWORK_HEADER = YES;
				CLANG_WARN_RANGE_LOOP_ANALYSIS = YES;
				CLANG_WARN_STRICT_PROTOTYPES = YES;
				CLANG_WARN_SUSPICIOUS_MOVE = YES;
				CLANG_WARN_UNGUARDED_AVAILABILITY = YES_AGGRESSIVE;
				CLANG_WARN_UNREACHABLE_CODE = YES;
				CLANG_WARN__DUPLICATE_METHOD_MATCH = YES;
				COPY_PHASE_STRIP = NO;
				DEBUG_INFORMATION_FORMAT = dwarf;
				ENABLE_STRICT_OBJC_MSGSEND = YES;
				ENABLE_TESTABILITY = YES;
				ENABLE_USER_SCRIPT_SANDBOXING = YES;
				GCC_C_LANGUAGE_STANDARD = gnu17;
				GCC_DYNAMIC_NO_PIC = NO;
				GCC_NO_COMMON_BLOCKS = YES;
				GCC_OPTIMIZATION_LEVEL = 0;
				GCC_PREPROCESSOR_DEFINITIONS = (
					"DEBUG=1",
					"$(inherited)",
				);
				GCC_WARN_64_TO_32_BIT_CONVERSION = YES;
				GCC_WARN_ABOUT_RETURN_TYPE = YES_ERROR;
				GCC_WARN_UNDECLARED_SELECTOR = YES;
				GCC_WARN_UNINITIALIZED_AUTOS = YES_AGGRESSIVE;
				GCC_WARN_UNUSED_FUNCTION = YES;
				GCC_WARN_UNUSED_VARIABLE = YES;
				LOCALIZATION_PREFERS_STRING_CATALOGS = YES;
				MTL_ENABLE_DEBUG_INFO = INCLUDE_SOURCE;
				MTL_FAST_MATH = YES;
				ONLY_ACTIVE_ARCH = YES;
				SWIFT_ACTIVE_COMPILATION_CONDITIONS = "DEBUG $(inherited)";
				SWIFT_OPTIMIZATION_LEVEL = "-Onone";
			};
			name = Debug;
		};
		4496F2D73037702C0073AD82 /* Release configuration for PBXProject "RightClickRestore" */ = {
			isa = XCBuildConfiguration;
			buildSettings = {
				ALWAYS_SEARCH_USER_PATHS = NO;
				ASSETCATALOG_COMPILER_GENERATE_SWIFT_ASSET_SYMBOL_EXTENSIONS = YES;
				CLANG_ANALYZER_NONNULL = YES;
				CLANG_ANALYZER_NUMBER_OBJECT_CONVERSION = YES_AGGRESSIVE;
				CLANG_CXX_LANGUAGE_STANDARD = "gnu++20";
				CLANG_ENABLE_MODULES = YES;
				CLANG_ENABLE_OBJC_ARC = YES;
				CLANG_ENABLE_OBJC_WEAK = YES;
				CLANG_WARN_BLOCK_CAPTURE_AUTORELEASING = YES;
				CLANG_WARN_BOOL_CONVERSION = YES;
				CLANG_WARN_COMMA = YES;
				CLANG_WARN_CONSTANT_CONVERSION = YES;
				CLANG_WARN_DEPRECATED_OBJC_IMPLEMENTATIONS = YES;
				CLANG_WARN_DIRECT_OBJC_ISA_USAGE = YES_ERROR;
				CLANG_WARN_DOCUMENTATION_COMMENTS = YES;
				CLANG_WARN_EMPTY_BODY = YES;
				CLANG_WARN_ENUM_CONVERSION = YES;
				CLANG_WARN_INFINITE_RECURSION = YES;
				CLANG_WARN_INT_CONVERSION = YES;
				CLANG_WARN_NON_LITERAL_NULL_CONVERSION = YES;
				CLANG_WARN_OBJC_IMPLICIT_RETAIN_SELF = YES;
				CLANG_WARN_OBJC_LITERAL_CONVERSION = YES;
				CLANG_WARN_OBJC_ROOT_CLASS = YES_ERROR;
				CLANG_WARN_QUOTED_INCLUDE_IN_FRAMEWORK_HEADER = YES;
				CLANG_WARN_RANGE_LOOP_ANALYSIS = YES;
				CLANG_WARN_STRICT_PROTOTYPES = YES;
				CLANG_WARN_SUSPICIOUS_MOVE = YES;
				CLANG_WARN_UNGUARDED_AVAILABILITY = YES_AGGRESSIVE;
				CLANG_WARN_UNREACHABLE_CODE = YES;
				CLANG_WARN__DUPLICATE_METHOD_MATCH = YES;
				COPY_PHASE_STRIP = NO;
				DEBUG_INFORMATION_FORMAT = "dwarf-with-dsym";
				ENABLE_NS_ASSERTIONS = NO;
				ENABLE_STRICT_OBJC_MSGSEND = YES;
				ENABLE_USER_SCRIPT_SANDBOXING = YES;
				GCC_C_LANGUAGE_STANDARD = gnu17;
				GCC_NO_COMMON_BLOCKS = YES;
				GCC_WARN_64_TO_32_BIT_CONVERSION = YES;
				GCC_WARN_ABOUT_RETURN_TYPE = YES_ERROR;
				GCC_WARN_UNDECLARED_SELECTOR = YES;
				GCC_WARN_UNINITIALIZED_AUTOS = YES_AGGRESSIVE;
				GCC_WARN_UNUSED_FUNCTION = YES;
				GCC_WARN_UNUSED_VARIABLE = YES;
				LOCALIZATION_PREFERS_STRING_CATALOGS = YES;
				MTL_ENABLE_DEBUG_INFO = NO;
				MTL_FAST_MATH = YES;
				SWIFT_COMPILATION_MODE = wholemodule;
			};
			name = Release;
		};
		4496F2D93037702C0073AD82 /* Debug configuration for PBXNativeTarget "RightClickRestore Extension (iOS)" */ = {
			isa = XCBuildConfiguration;
			buildSettings = {
				CODE_SIGN_STYLE = Automatic;
				CURRENT_PROJECT_VERSION = 1;
				GENERATE_INFOPLIST_FILE = YES;
				INFOPLIST_FILE = "iOS (Extension)/Info.plist";
				INFOPLIST_KEY_CFBundleDisplayName = "RightClickRestore Extension";
				INFOPLIST_KEY_NSHumanReadableCopyright = "";
				IPHONEOS_DEPLOYMENT_TARGET = 15.0;
				LD_RUNPATH_SEARCH_PATHS = (
					"$(inherited)",
					"@executable_path/Frameworks",
					"@executable_path/../../Frameworks",
				);
				MARKETING_VERSION = 1.0;
				OTHER_LDFLAGS = (
					"-framework",
					SafariServices,
				);
				PRODUCT_BUNDLE_IDENTIFIER = com.antigravity.RightClickRestore.Extension;
				PRODUCT_NAME = "RightClickRestore Extension";
				SDKROOT = iphoneos;
				SKIP_INSTALL = YES;
				STRING_CATALOG_GENERATE_SYMBOLS = YES;
				SWIFT_APPROACHABLE_CONCURRENCY = YES;
				SWIFT_EMIT_LOC_STRINGS = YES;
				SWIFT_UPCOMING_FEATURE_MEMBER_IMPORT_VISIBILITY = YES;
				SWIFT_VERSION = 5.0;
				TARGETED_DEVICE_FAMILY = "1,2";
			};
			name = Debug;
		};
		4496F2DA3037702C0073AD82 /* Release configuration for PBXNativeTarget "RightClickRestore Extension (iOS)" */ = {
			isa = XCBuildConfiguration;
			buildSettings = {
				CODE_SIGN_STYLE = Automatic;
				CURRENT_PROJECT_VERSION = 1;
				GENERATE_INFOPLIST_FILE = YES;
				INFOPLIST_FILE = "iOS (Extension)/Info.plist";
				INFOPLIST_KEY_CFBundleDisplayName = "RightClickRestore Extension";
				INFOPLIST_KEY_NSHumanReadableCopyright = "";
				IPHONEOS_DEPLOYMENT_TARGET = 15.0;
				LD_RUNPATH_SEARCH_PATHS = (
					"$(inherited)",
					"@executable_path/Frameworks",
					"@executable_path/../../Frameworks",
				);
				MARKETING_VERSION = 1.0;
				OTHER_LDFLAGS = (
					"-framework",
					SafariServices,
				);
				PRODUCT_BUNDLE_IDENTIFIER = com.antigravity.RightClickRestore.Extension;
				PRODUCT_NAME = "RightClickRestore Extension";
				SDKROOT = iphoneos;
				SKIP_INSTALL = YES;
				STRING_CATALOG_GENERATE_SYMBOLS = YES;
				SWIFT_APPROACHABLE_CONCURRENCY = YES;
				SWIFT_EMIT_LOC_STRINGS = YES;
				SWIFT_UPCOMING_FEATURE_MEMBER_IMPORT_VISIBILITY = YES;
				SWIFT_VERSION = 5.0;
				TARGETED_DEVICE_FAMILY = "1,2";
				VALIDATE_PRODUCT = YES;
			};
			name = Release;
		};
		4496F2DD3037702C0073AD82 /* Debug configuration for PBXNativeTarget "RightClickRestore (iOS)" */ = {
			isa = XCBuildConfiguration;
			buildSettings = {
				ASSETCATALOG_COMPILER_APPICON_NAME = AppIcon;
				ASSETCATALOG_COMPILER_GLOBAL_ACCENT_COLOR_NAME = AccentColor;
				CODE_SIGN_STYLE = Automatic;
				CURRENT_PROJECT_VERSION = 1;
				GENERATE_INFOPLIST_FILE = YES;
				INFOPLIST_FILE = "iOS (App)/Info.plist";
				INFOPLIST_KEY_CFBundleDisplayName = RightClickRestore;
				INFOPLIST_KEY_UIApplicationSupportsIndirectInputEvents = YES;
				INFOPLIST_KEY_UILaunchStoryboardName = LaunchScreen;
				INFOPLIST_KEY_UIMainStoryboardFile = Main;
				INFOPLIST_KEY_UISupportedInterfaceOrientations = "UIInterfaceOrientationPortrait UIInterfaceOrientationLandscapeLeft UIInterfaceOrientationLandscapeRight";
				INFOPLIST_KEY_UISupportedInterfaceOrientations_iPad = "UIInterfaceOrientationPortrait UIInterfaceOrientationPortraitUpsideDown UIInterfaceOrientationLandscapeLeft UIInterfaceOrientationLandscapeRight";
				IPHONEOS_DEPLOYMENT_TARGET = 15.0;
				LD_RUNPATH_SEARCH_PATHS = (
					"$(inherited)",
					"@executable_path/Frameworks",
				);
				MARKETING_VERSION = 1.0;
				OTHER_LDFLAGS = (
					"-framework",
					SafariServices,
					"-framework",
					WebKit,
				);
				PRODUCT_BUNDLE_IDENTIFIER = com.antigravity.RightClickRestore;
				PRODUCT_NAME = RightClickRestore;
				SDKROOT = iphoneos;
				STRING_CATALOG_GENERATE_SYMBOLS = YES;
				SWIFT_APPROACHABLE_CONCURRENCY = YES;
				SWIFT_DEFAULT_ACTOR_ISOLATION = MainActor;
				SWIFT_EMIT_LOC_STRINGS = YES;
				SWIFT_UPCOMING_FEATURE_MEMBER_IMPORT_VISIBILITY = YES;
				SWIFT_VERSION = 5.0;
				TARGETED_DEVICE_FAMILY = "1,2";
			};
			name = Debug;
		};
		4496F2DE3037702C0073AD82 /* Release configuration for PBXNativeTarget "RightClickRestore (iOS)" */ = {
			isa = XCBuildConfiguration;
			buildSettings = {
				ASSETCATALOG_COMPILER_APPICON_NAME = AppIcon;
				ASSETCATALOG_COMPILER_GLOBAL_ACCENT_COLOR_NAME = AccentColor;
				CODE_SIGN_STYLE = Automatic;
				CURRENT_PROJECT_VERSION = 1;
				GENERATE_INFOPLIST_FILE = YES;
				INFOPLIST_FILE = "iOS (App)/Info.plist";
				INFOPLIST_KEY_CFBundleDisplayName = RightClickRestore;
				INFOPLIST_KEY_UIApplicationSupportsIndirectInputEvents = YES;
				INFOPLIST_KEY_UILaunchStoryboardName = LaunchScreen;
				INFOPLIST_KEY_UIMainStoryboardFile = Main;
				INFOPLIST_KEY_UISupportedInterfaceOrientations = "UIInterfaceOrientationPortrait UIInterfaceOrientationLandscapeLeft UIInterfaceOrientationLandscapeRight";
				INFOPLIST_KEY_UISupportedInterfaceOrientations_iPad = "UIInterfaceOrientationPortrait UIInterfaceOrientationPortraitUpsideDown UIInterfaceOrientationLandscapeLeft UIInterfaceOrientationLandscapeRight";
				IPHONEOS_DEPLOYMENT_TARGET = 15.0;
				LD_RUNPATH_SEARCH_PATHS = (
					"$(inherited)",
					"@executable_path/Frameworks",
				);
				MARKETING_VERSION = 1.0;
				OTHER_LDFLAGS = (
					"-framework",
					SafariServices,
					"-framework",
					WebKit,
				);
				PRODUCT_BUNDLE_IDENTIFIER = com.antigravity.RightClickRestore;
				PRODUCT_NAME = RightClickRestore;
				SDKROOT = iphoneos;
				STRING_CATALOG_GENERATE_SYMBOLS = YES;
				SWIFT_APPROACHABLE_CONCURRENCY = YES;
				SWIFT_DEFAULT_ACTOR_ISOLATION = MainActor;
				SWIFT_EMIT_LOC_STRINGS = YES;
				SWIFT_UPCOMING_FEATURE_MEMBER_IMPORT_VISIBILITY = YES;
				SWIFT_VERSION = 5.0;
				TARGETED_DEVICE_FAMILY = "1,2";
				VALIDATE_PRODUCT = YES;
			};
			name = Release;
		};
		4496F2E03037702C0073AD82 /* Debug configuration for PBXNativeTarget "RightClickRestore Extension (macOS)" */ = {
			isa = XCBuildConfiguration;
			buildSettings = {
				CODE_SIGN_STYLE = Automatic;
				CURRENT_PROJECT_VERSION = 1;
				ENABLE_APP_SANDBOX = YES;
				ENABLE_HARDENED_RUNTIME = YES;
				ENABLE_USER_SELECTED_FILES = readonly;
				GENERATE_INFOPLIST_FILE = YES;
				INFOPLIST_FILE = "macOS (Extension)/Info.plist";
				INFOPLIST_KEY_CFBundleDisplayName = "RightClickRestore Extension";
				INFOPLIST_KEY_NSHumanReadableCopyright = "";
				LD_RUNPATH_SEARCH_PATHS = (
					"$(inherited)",
					"@executable_path/../Frameworks",
					"@executable_path/../../../../Frameworks",
				);
				MACOSX_DEPLOYMENT_TARGET = 12.0;
				MARKETING_VERSION = 1.0;
				OTHER_LDFLAGS = (
					"-framework",
					SafariServices,
				);
				PRODUCT_BUNDLE_IDENTIFIER = com.antigravity.RightClickRestore.Extension;
				PRODUCT_NAME = "RightClickRestore Extension";
				SDKROOT = macosx;
				SKIP_INSTALL = YES;
				STRING_CATALOG_GENERATE_SYMBOLS = YES;
				SWIFT_APPROACHABLE_CONCURRENCY = YES;
				SWIFT_EMIT_LOC_STRINGS = YES;
				SWIFT_UPCOMING_FEATURE_MEMBER_IMPORT_VISIBILITY = YES;
				SWIFT_VERSION = 5.0;
			};
			name = Debug;
		};
		4496F2E13037702C0073AD82 /* Release configuration for PBXNativeTarget "RightClickRestore Extension (macOS)" */ = {
			isa = XCBuildConfiguration;
			buildSettings = {
				CODE_SIGN_STYLE = Automatic;
				CURRENT_PROJECT_VERSION = 1;
				ENABLE_APP_SANDBOX = YES;
				ENABLE_HARDENED_RUNTIME = YES;
				ENABLE_USER_SELECTED_FILES = readonly;
				GENERATE_INFOPLIST_FILE = YES;
				INFOPLIST_FILE = "macOS (Extension)/Info.plist";
				INFOPLIST_KEY_CFBundleDisplayName = "RightClickRestore Extension";
				INFOPLIST_KEY_NSHumanReadableCopyright = "";
				LD_RUNPATH_SEARCH_PATHS = (
					"$(inherited)",
					"@executable_path/../Frameworks",
					"@executable_path/../../../../Frameworks",
				);
				MACOSX_DEPLOYMENT_TARGET = 12.0;
				MARKETING_VERSION = 1.0;
				OTHER_LDFLAGS = (
					"-framework",
					SafariServices,
				);
				PRODUCT_BUNDLE_IDENTIFIER = com.antigravity.RightClickRestore.Extension;
				PRODUCT_NAME = "RightClickRestore Extension";
				SDKROOT = macosx;
				SKIP_INSTALL = YES;
				STRING_CATALOG_GENERATE_SYMBOLS = YES;
				SWIFT_APPROACHABLE_CONCURRENCY = YES;
				SWIFT_EMIT_LOC_STRINGS = YES;
				SWIFT_UPCOMING_FEATURE_MEMBER_IMPORT_VISIBILITY = YES;
				SWIFT_VERSION = 5.0;
			};
			name = Release;
		};
		4496F2E43037702C0073AD82 /* Debug configuration for PBXNativeTarget "RightClickRestore (macOS)" */ = {
			isa = XCBuildConfiguration;
			buildSettings = {
				ASSETCATALOG_COMPILER_APPICON_NAME = AppIcon;
				ASSETCATALOG_COMPILER_GLOBAL_ACCENT_COLOR_NAME = AccentColor;
				CODE_SIGN_STYLE = Automatic;
				CURRENT_PROJECT_VERSION = 1;
				ENABLE_APP_SANDBOX = YES;
				ENABLE_HARDENED_RUNTIME = YES;
				ENABLE_OUTGOING_NETWORK_CONNECTIONS = YES;
				ENABLE_USER_SELECTED_FILES = readonly;
				GENERATE_INFOPLIST_FILE = YES;
				INFOPLIST_FILE = "macOS (App)/Info.plist";
				INFOPLIST_KEY_CFBundleDisplayName = RightClickRestore;
				INFOPLIST_KEY_NSMainStoryboardFile = Main;
				INFOPLIST_KEY_NSPrincipalClass = NSApplication;
				LD_RUNPATH_SEARCH_PATHS = (
					"$(inherited)",
					"@executable_path/../Frameworks",
				);
				MACOSX_DEPLOYMENT_TARGET = 12.0;
				MARKETING_VERSION = 1.0;
				OTHER_LDFLAGS = (
					"-framework",
					SafariServices,
					"-framework",
					WebKit,
				);
				PRODUCT_BUNDLE_IDENTIFIER = com.antigravity.RightClickRestore;
				PRODUCT_NAME = RightClickRestore;
				REGISTER_APP_GROUPS = YES;
				SDKROOT = macosx;
				STRING_CATALOG_GENERATE_SYMBOLS = YES;
				SWIFT_APPROACHABLE_CONCURRENCY = YES;
				SWIFT_DEFAULT_ACTOR_ISOLATION = MainActor;
				SWIFT_EMIT_LOC_STRINGS = YES;
				SWIFT_UPCOMING_FEATURE_MEMBER_IMPORT_VISIBILITY = YES;
				SWIFT_VERSION = 5.0;
			};
			name = Debug;
		};
		4496F2E53037702C0073AD82 /* Release configuration for PBXNativeTarget "RightClickRestore (macOS)" */ = {
			isa = XCBuildConfiguration;
			buildSettings = {
				ASSETCATALOG_COMPILER_APPICON_NAME = AppIcon;
				ASSETCATALOG_COMPILER_GLOBAL_ACCENT_COLOR_NAME = AccentColor;
				CODE_SIGN_STYLE = Automatic;
				CURRENT_PROJECT_VERSION = 1;
				ENABLE_APP_SANDBOX = YES;
				ENABLE_HARDENED_RUNTIME = YES;
				ENABLE_OUTGOING_NETWORK_CONNECTIONS = YES;
				ENABLE_USER_SELECTED_FILES = readonly;
				GENERATE_INFOPLIST_FILE = YES;
				INFOPLIST_FILE = "macOS (App)/Info.plist";
				INFOPLIST_KEY_CFBundleDisplayName = RightClickRestore;
				INFOPLIST_KEY_NSMainStoryboardFile = Main;
				INFOPLIST_KEY_NSPrincipalClass = NSApplication;
				LD_RUNPATH_SEARCH_PATHS = (
					"$(inherited)",
					"@executable_path/../Frameworks",
				);
				MACOSX_DEPLOYMENT_TARGET = 12.0;
				MARKETING_VERSION = 1.0;
				OTHER_LDFLAGS = (
					"-framework",
					SafariServices,
					"-framework",
					WebKit,
				);
				PRODUCT_BUNDLE_IDENTIFIER = com.antigravity.RightClickRestore;
				PRODUCT_NAME = RightClickRestore;
				REGISTER_APP_GROUPS = YES;
				SDKROOT = macosx;
				STRING_CATALOG_GENERATE_SYMBOLS = YES;
				SWIFT_APPROACHABLE_CONCURRENCY = YES;
				SWIFT_DEFAULT_ACTOR_ISOLATION = MainActor;
				SWIFT_EMIT_LOC_STRINGS = YES;
				SWIFT_UPCOMING_FEATURE_MEMBER_IMPORT_VISIBILITY = YES;
				SWIFT_VERSION = 5.0;
			};
			name = Release;
		};
/* End XCBuildConfiguration section */

/* Begin XCConfigurationList section */
		4496F28A3037702B0073AD82 /* Build configuration list for PBXProject "RightClickRestore" */ = {
			isa = XCConfigurationList;
			buildConfigurations = (
				4496F2D63037702C0073AD82 /* Debug configuration for PBXProject "RightClickRestore" */,
				4496F2D73037702C0073AD82 /* Release configuration for PBXProject "RightClickRestore" */,
			);
			defaultConfigurationName = Release;
		};
		4496F2D83037702C0073AD82 /* Build configuration list for PBXNativeTarget "RightClickRestore Extension (iOS)" */ = {
			isa = XCConfigurationList;
			buildConfigurations = (
				4496F2D93037702C0073AD82 /* Debug configuration for PBXNativeTarget "RightClickRestore Extension (iOS)" */,
				4496F2DA3037702C0073AD82 /* Release configuration for PBXNativeTarget "RightClickRestore Extension (iOS)" */,
			);
			defaultConfigurationName = Release;
		};
		4496F2DC3037702C0073AD82 /* Build configuration list for PBXNativeTarget "RightClickRestore (iOS)" */ = {
			isa = XCConfigurationList;
			buildConfigurations = (
				4496F2DD3037702C0073AD82 /* Debug configuration for PBXNativeTarget "RightClickRestore (iOS)" */,
				4496F2DE3037702C0073AD82 /* Release configuration for PBXNativeTarget "RightClickRestore (iOS)" */,
			);
			defaultConfigurationName = Release;
		};
		4496F2DF3037702C0073AD82 /* Build configuration list for PBXNativeTarget "RightClickRestore Extension (macOS)" */ = {
			isa = XCConfigurationList;
			buildConfigurations = (
				4496F2E03037702C0073AD82 /* Debug configuration for PBXNativeTarget "RightClickRestore Extension (macOS)" */,
				4496F2E13037702C0073AD82 /* Release configuration for PBXNativeTarget "RightClickRestore Extension (macOS)" */,
			);
			defaultConfigurationName = Release;
		};
		4496F2E33037702C0073AD82 /* Build configuration list for PBXNativeTarget "RightClickRestore (macOS)" */ = {
			isa = XCConfigurationList;
			buildConfigurations = (
				4496F2E43037702C0073AD82 /* Debug configuration for PBXNativeTarget "RightClickRestore (macOS)" */,
				4496F2E53037702C0073AD82 /* Release configuration for PBXNativeTarget "RightClickRestore (macOS)" */,
			);
			defaultConfigurationName = Release;
		};
/* End XCConfigurationList section */
	};
	rootObject = 4496F2873037702B0073AD82 /* Project object */;
	validationLevel = 1;
}
